<?xml version="1.0" encoding="UTF-8"?>
<CodeBlocks_project_file>
	<FileVersion major="1" minor="6"/>
	<Project>
		<Option title="gamePaddddd"/>
		<Option makefile_is_custom="1"/>
		<Option compiler="gcc"/>
		<Option virtualFolders="CMake Files\;CMake Files\..\;CMake Files\..\..\;CMake Files\..\..\..\;CMake Files\..\..\..\..\;CMake Files\..\..\..\..\..\;CMake Files\..\..\..\..\..\..\;CMake Files\..\..\..\..\..\..\usr\;CMake Files\..\..\..\..\..\..\usr\lib\;CMake Files\..\..\..\..\..\..\usr\lib\x86_64-linux-gnu\;CMake Files\..\..\..\..\..\..\usr\lib\x86_64-linux-gnu\cmake\;CMake Files\..\..\..\..\..\..\usr\lib\x86_64-linux-gnu\cmake\Qt5\;CMake Files\..\..\..\..\..\..\usr\lib\x86_64-linux-gnu\cmake\Qt5Core\;CMake Files\..\..\..\..\..\..\usr\lib\x86_64-linux-gnu\cmake\Qt5Quick\;CMake Files\..\..\..\..\..\..\usr\lib\x86_64-linux-gnu\cmake\Qt5Qml\;CMake Files\..\..\..\..\..\..\usr\lib\x86_64-linux-gnu\cmake\Qt5Network\;CMake Files\..\..\..\..\..\..\usr\lib\x86_64-linux-gnu\cmake\Qt5Gui\;CMake Files\..\..\capicxx-someip-runtime\;CMake Files\..\..\capicxx-someip-runtime\build\;CMake Files\..\..\capicxx-core-runtime\;CMake Files\..\..\capicxx-core-runtime\build\;CMake Files\..\..\vsomeip\;CMake Files\..\..\vsomeip\build\;"/>
		<Build>
			<Target title="all">
				<Option working_dir="/home/jwoon/Desktop/commonapi_vsomeip/gamePadddd/build-gamePaddddd-Desktop-Debug"/>
				<Option type="4"/>
				<MakeCommands>
					<Build command="/usr/bin/make -j8 -f &quot;/home/jwoon/Desktop/commonapi_vsomeip/gamePadddd/build-gamePaddddd-Desktop-Debug/Makefile&quot;  VERBOSE=1 all"/>
					<CompileFile command="/usr/bin/make -j8 -f &quot;/home/jwoon/Desktop/commonapi_vsomeip/gamePadddd/build-gamePaddddd-Desktop-Debug/Makefile&quot;  VERBOSE=1 &quot;$file&quot;"/>
					<Clean command="/usr/bin/make -j8 -f &quot;/home/jwoon/Desktop/commonapi_vsomeip/gamePadddd/build-gamePaddddd-Desktop-Debug/Makefile&quot;  VERBOSE=1 clean"/>
					<DistClean command="/usr/bin/make -j8 -f &quot;/home/jwoon/Desktop/commonapi_vsomeip/gamePadddd/build-gamePaddddd-Desktop-Debug/Makefile&quot;  VERBOSE=1 clean"/>
				</MakeCommands>
			</Target>
			<Target title="rebuild_cache">
				<Option working_dir="/home/jwoon/Desktop/commonapi_vsomeip/gamePadddd/build-gamePaddddd-Desktop-Debug"/>
				<Option type="4"/>
				<MakeCommands>
					<Build command="/usr/bin/make -j8 -f &quot;/home/jwoon/Desktop/commonapi_vsomeip/gamePadddd/build-gamePaddddd-Desktop-Debug/Makefile&quot;  VERBOSE=1 rebuild_cache"/>
					<CompileFile command="/usr/bin/make -j8 -f &quot;/home/jwoon/Desktop/commonapi_vsomeip/gamePadddd/build-gamePaddddd-Desktop-Debug/Makefile&quot;  VERBOSE=1 &quot;$file&quot;"/>
					<Clean command="/usr/bin/make -j8 -f &quot;/home/jwoon/Desktop/commonapi_vsomeip/gamePadddd/build-gamePaddddd-Desktop-Debug/Makefile&quot;  VERBOSE=1 clean"/>
					<DistClean command="/usr/bin/make -j8 -f &quot;/home/jwoon/Desktop/commonapi_vsomeip/gamePadddd/build-gamePaddddd-Desktop-Debug/Makefile&quot;  VERBOSE=1 clean"/>
				</MakeCommands>
			</Target>
			<Target title="edit_cache">
				<Option working_dir="/home/jwoon/Desktop/commonapi_vsomeip/gamePadddd/build-gamePaddddd-Desktop-Debug"/>
				<Option type="4"/>
				<MakeCommands>
					<Build command="/usr/bin/make -j8 -f &quot;/home/jwoon/Desktop/commonapi_vsomeip/gamePadddd/build-gamePaddddd-Desktop-Debug/Makefile&quot;  VERBOSE=1 edit_cache"/>
					<CompileFile command="/usr/bin/make -j8 -f &quot;/home/jwoon/Desktop/commonapi_vsomeip/gamePadddd/build-gamePaddddd-Desktop-Debug/Makefile&quot;  VERBOSE=1 &quot;$file&quot;"/>
					<Clean command="/usr/bin/make -j8 -f &quot;/home/jwoon/Desktop/commonapi_vsomeip/gamePadddd/build-gamePaddddd-Desktop-Debug/Makefile&quot;  VERBOSE=1 clean"/>
					<DistClean command="/usr/bin/make -j8 -f &quot;/home/jwoon/Desktop/commonapi_vsomeip/gamePadddd/build-gamePaddddd-Desktop-Debug/Makefile&quot;  VERBOSE=1 clean"/>
				</MakeCommands>
			</Target>
			<Target title="gamepaddddd-someip">
				<Option output="/home/jwoon/Desktop/commonapi_vsomeip/gamePadddd/build-gamePaddddd-Desktop-Debug/libgamepaddddd-someip.so" prefix_auto="0" extension_auto="0"/>
				<Option working_dir="/home/jwoon/Desktop/commonapi_vsomeip/gamePadddd/build-gamePaddddd-Desktop-Debug"/>
				<Option object_output="./"/>
				<Option type="3"/>
				<Option compiler="gcc"/>
				<Compiler>
					<Add directory="/home/jwoon/Desktop/commonapi_vsomeip/gamePadddd/build-gamePaddddd-Desktop-Debug"/>
					<Add directory="/home/jwoon/Desktop/commonapi_vsomeip/gamePadddd/gamePaddddd"/>
					<Add directory="/home/jwoon/Desktop/commonapi_vsomeip/gamePadddd/build-gamePaddddd-Desktop-Debug/gamepaddddd-someip_autogen/include"/>
					<Add directory="/home/jwoon/Desktop/commonapi_vsomeip/gamePadddd/gamePaddddd/../src-gen-inter"/>
					<Add directory="/home/jwoon/Desktop/commonapi_vsomeip/gamePadddd/gamePaddddd/../../install_folder/include/CommonAPI-3.2"/>
					<Add directory="/home/jwoon/Desktop/commonapi_vsomeip/gamePadddd/gamePaddddd/../../install_folder/include"/>
					<Add directory="/home/jwoon/Desktop/commonapi_vsomeip/gamePadddd/gamePaddddd/../../install_folder/lib"/>
					<Add directory="/home/jwoon/Desktop/commonapi_vsomeip/gamePadddd/gamePaddddd/../src-gen-inter/core"/>
					<Add directory="/home/jwoon/Desktop/commonapi_vsomeip/gamePadddd/gamePaddddd/../src-gen-inter/someip"/>
					<Add directory="/home/jwoon/Desktop/commonapi_vsomeip/capicxx-someip-runtime/include"/>
					<Add directory="/home/jwoon/Desktop/commonapi_vsomeip/capicxx-core-runtime/include"/>
					<Add directory="/home/jwoon/Desktop/commonapi_vsomeip/vsomeip/interface"/>
					<Add directory="/home/jwoon/Desktop/commonapi_vsomeip/vsomeip/build"/>
					<Add directory="/usr/include/c++/9"/>
					<Add directory="/usr/include/x86_64-linux-gnu/c++/9"/>
					<Add directory="/usr/include/c++/9/backward"/>
					<Add directory="/usr/lib/gcc/x86_64-linux-gnu/9/include"/>
					<Add directory="/usr/local/include"/>
					<Add directory="/usr/include/x86_64-linux-gnu"/>
					<Add directory="/usr/include"/>
				</Compiler>
				<MakeCommands>
					<Build command="/usr/bin/make -j8 -f &quot;/home/jwoon/Desktop/commonapi_vsomeip/gamePadddd/build-gamePaddddd-Desktop-Debug/Makefile&quot;  VERBOSE=1 gamepaddddd-someip"/>
					<CompileFile command="/usr/bin/make -j8 -f &quot;/home/jwoon/Desktop/commonapi_vsomeip/gamePadddd/build-gamePaddddd-Desktop-Debug/Makefile&quot;  VERBOSE=1 &quot;$file&quot;"/>
					<Clean command="/usr/bin/make -j8 -f &quot;/home/jwoon/Desktop/commonapi_vsomeip/gamePadddd/build-gamePaddddd-Desktop-Debug/Makefile&quot;  VERBOSE=1 clean"/>
					<DistClean command="/usr/bin/make -j8 -f &quot;/home/jwoon/Desktop/commonapi_vsomeip/gamePadddd/build-gamePaddddd-Desktop-Debug/Makefile&quot;  VERBOSE=1 clean"/>
				</MakeCommands>
			</Target>
			<Target title="gamepaddddd-someip/fast">
				<Option output="/home/jwoon/Desktop/commonapi_vsomeip/gamePadddd/build-gamePaddddd-Desktop-Debug/libgamepaddddd-someip.so" prefix_auto="0" extension_auto="0"/>
				<Option working_dir="/home/jwoon/Desktop/commonapi_vsomeip/gamePadddd/build-gamePaddddd-Desktop-Debug"/>
				<Option object_output="./"/>
				<Option type="3"/>
				<Option compiler="gcc"/>
				<Compiler>
					<Add directory="/home/jwoon/Desktop/commonapi_vsomeip/gamePadddd/build-gamePaddddd-Desktop-Debug"/>
					<Add directory="/home/jwoon/Desktop/commonapi_vsomeip/gamePadddd/gamePaddddd"/>
					<Add directory="/home/jwoon/Desktop/commonapi_vsomeip/gamePadddd/build-gamePaddddd-Desktop-Debug/gamepaddddd-someip_autogen/include"/>
					<Add directory="/home/jwoon/Desktop/commonapi_vsomeip/gamePadddd/gamePaddddd/../src-gen-inter"/>
					<Add directory="/home/jwoon/Desktop/commonapi_vsomeip/gamePadddd/gamePaddddd/../../install_folder/include/CommonAPI-3.2"/>
					<Add directory="/home/jwoon/Desktop/commonapi_vsomeip/gamePadddd/gamePaddddd/../../install_folder/include"/>
					<Add directory="/home/jwoon/Desktop/commonapi_vsomeip/gamePadddd/gamePaddddd/../../install_folder/lib"/>
					<Add directory="/home/jwoon/Desktop/commonapi_vsomeip/gamePadddd/gamePaddddd/../src-gen-inter/core"/>
					<Add directory="/home/jwoon/Desktop/commonapi_vsomeip/gamePadddd/gamePaddddd/../src-gen-inter/someip"/>
					<Add directory="/home/jwoon/Desktop/commonapi_vsomeip/capicxx-someip-runtime/include"/>
					<Add directory="/home/jwoon/Desktop/commonapi_vsomeip/capicxx-core-runtime/include"/>
					<Add directory="/home/jwoon/Desktop/commonapi_vsomeip/vsomeip/interface"/>
					<Add directory="/home/jwoon/Desktop/commonapi_vsomeip/vsomeip/build"/>
					<Add directory="/usr/include/c++/9"/>
					<Add directory="/usr/include/x86_64-linux-gnu/c++/9"/>
					<Add directory="/usr/include/c++/9/backward"/>
					<Add directory="/usr/lib/gcc/x86_64-linux-gnu/9/include"/>
					<Add directory="/usr/local/include"/>
					<Add directory="/usr/include/x86_64-linux-gnu"/>
					<Add directory="/usr/include"/>
				</Compiler>
				<MakeCommands>
					<Build command="/usr/bin/make -j8 -f &quot;/home/jwoon/Desktop/commonapi_vsomeip/gamePadddd/build-gamePaddddd-Desktop-Debug/Makefile&quot;  VERBOSE=1 gamepaddddd-someip/fast"/>
					<CompileFile command="/usr/bin/make -j8 -f &quot;/home/jwoon/Desktop/commonapi_vsomeip/gamePadddd/build-gamePaddddd-Desktop-Debug/Makefile&quot;  VERBOSE=1 &quot;$file&quot;"/>
					<Clean command="/usr/bin/make -j8 -f &quot;/home/jwoon/Desktop/commonapi_vsomeip/gamePadddd/build-gamePaddddd-Desktop-Debug/Makefile&quot;  VERBOSE=1 clean"/>
					<DistClean command="/usr/bin/make -j8 -f &quot;/home/jwoon/Desktop/commonapi_vsomeip/gamePadddd/build-gamePaddddd-Desktop-Debug/Makefile&quot;  VERBOSE=1 clean"/>
				</MakeCommands>
			</Target>
			<Target title="gamePaddddd">
				<Option output="/home/jwoon/Desktop/commonapi_vsomeip/gamePadddd/build-gamePaddddd-Desktop-Debug/gamePaddddd" prefix_auto="0" extension_auto="0"/>
				<Option working_dir="/home/jwoon/Desktop/commonapi_vsomeip/gamePadddd/build-gamePaddddd-Desktop-Debug"/>
				<Option object_output="./"/>
				<Option type="1"/>
				<Option compiler="gcc"/>
				<Compiler>
					<Add option="-DQT_QML_DEBUG"/>
					<Add option="-DQT_CORE_LIB"/>
					<Add option="-DQT_QUICK_LIB"/>
					<Add option="-DQT_QML_LIB"/>
					<Add option="-DQT_NETWORK_LIB"/>
					<Add option="-DQT_GUI_LIB"/>
					<Add directory="/home/jwoon/Desktop/commonapi_vsomeip/gamePadddd/build-gamePaddddd-Desktop-Debug"/>
					<Add directory="/home/jwoon/Desktop/commonapi_vsomeip/gamePadddd/gamePaddddd"/>
					<Add directory="/home/jwoon/Desktop/commonapi_vsomeip/gamePadddd/build-gamePaddddd-Desktop-Debug/gamePaddddd_autogen/include"/>
					<Add directory="/home/jwoon/Desktop/commonapi_vsomeip/gamePadddd/gamePaddddd/../src-gen-inter"/>
					<Add directory="/home/jwoon/Desktop/commonapi_vsomeip/gamePadddd/gamePaddddd/../../install_folder/include/CommonAPI-3.2"/>
					<Add directory="/home/jwoon/Desktop/commonapi_vsomeip/gamePadddd/gamePaddddd/../../install_folder/include"/>
					<Add directory="/home/jwoon/Desktop/commonapi_vsomeip/gamePadddd/gamePaddddd/../../install_folder/lib"/>
					<Add directory="/home/jwoon/Desktop/commonapi_vsomeip/gamePadddd/gamePaddddd/../src-gen-inter/core"/>
					<Add directory="/home/jwoon/Desktop/commonapi_vsomeip/gamePadddd/gamePaddddd/../src-gen-inter/someip"/>
					<Add directory="/usr/include/x86_64-linux-gnu/qt5"/>
					<Add directory="/usr/include/x86_64-linux-gnu/qt5/QtCore"/>
					<Add directory="/usr/lib/x86_64-linux-gnu/qt5/mkspecs/linux-g++"/>
					<Add directory="/usr/include/x86_64-linux-gnu/qt5/QtQuick"/>
					<Add directory="/usr/include/x86_64-linux-gnu/qt5/QtQml"/>
					<Add directory="/usr/include/x86_64-linux-gnu/qt5/QtNetwork"/>
					<Add directory="/usr/include/x86_64-linux-gnu/qt5/QtGui"/>
					<Add directory="/usr/include/c++/9"/>
					<Add directory="/usr/include/x86_64-linux-gnu/c++/9"/>
					<Add directory="/usr/include/c++/9/backward"/>
					<Add directory="/usr/lib/gcc/x86_64-linux-gnu/9/include"/>
					<Add directory="/usr/local/include"/>
					<Add directory="/usr/include/x86_64-linux-gnu"/>
					<Add directory="/usr/include"/>
				</Compiler>
				<MakeCommands>
					<Build command="/usr/bin/make -j8 -f &quot;/home/jwoon/Desktop/commonapi_vsomeip/gamePadddd/build-gamePaddddd-Desktop-Debug/Makefile&quot;  VERBOSE=1 gamePaddddd"/>
					<CompileFile command="/usr/bin/make -j8 -f &quot;/home/jwoon/Desktop/commonapi_vsomeip/gamePadddd/build-gamePaddddd-Desktop-Debug/Makefile&quot;  VERBOSE=1 &quot;$file&quot;"/>
					<Clean command="/usr/bin/make -j8 -f &quot;/home/jwoon/Desktop/commonapi_vsomeip/gamePadddd/build-gamePaddddd-Desktop-Debug/Makefile&quot;  VERBOSE=1 clean"/>
					<DistClean command="/usr/bin/make -j8 -f &quot;/home/jwoon/Desktop/commonapi_vsomeip/gamePadddd/build-gamePaddddd-Desktop-Debug/Makefile&quot;  VERBOSE=1 clean"/>
				</MakeCommands>
			</Target>
			<Target title="gamePaddddd/fast">
				<Option output="/home/jwoon/Desktop/commonapi_vsomeip/gamePadddd/build-gamePaddddd-Desktop-Debug/gamePaddddd" prefix_auto="0" extension_auto="0"/>
				<Option working_dir="/home/jwoon/Desktop/commonapi_vsomeip/gamePadddd/build-gamePaddddd-Desktop-Debug"/>
				<Option object_output="./"/>
				<Option type="1"/>
				<Option compiler="gcc"/>
				<Compiler>
					<Add option="-DQT_QML_DEBUG"/>
					<Add option="-DQT_CORE_LIB"/>
					<Add option="-DQT_QUICK_LIB"/>
					<Add option="-DQT_QML_LIB"/>
					<Add option="-DQT_NETWORK_LIB"/>
					<Add option="-DQT_GUI_LIB"/>
					<Add directory="/home/jwoon/Desktop/commonapi_vsomeip/gamePadddd/build-gamePaddddd-Desktop-Debug"/>
					<Add directory="/home/jwoon/Desktop/commonapi_vsomeip/gamePadddd/gamePaddddd"/>
					<Add directory="/home/jwoon/Desktop/commonapi_vsomeip/gamePadddd/build-gamePaddddd-Desktop-Debug/gamePaddddd_autogen/include"/>
					<Add directory="/home/jwoon/Desktop/commonapi_vsomeip/gamePadddd/gamePaddddd/../src-gen-inter"/>
					<Add directory="/home/jwoon/Desktop/commonapi_vsomeip/gamePadddd/gamePaddddd/../../install_folder/include/CommonAPI-3.2"/>
					<Add directory="/home/jwoon/Desktop/commonapi_vsomeip/gamePadddd/gamePaddddd/../../install_folder/include"/>
					<Add directory="/home/jwoon/Desktop/commonapi_vsomeip/gamePadddd/gamePaddddd/../../install_folder/lib"/>
					<Add directory="/home/jwoon/Desktop/commonapi_vsomeip/gamePadddd/gamePaddddd/../src-gen-inter/core"/>
					<Add directory="/home/jwoon/Desktop/commonapi_vsomeip/gamePadddd/gamePaddddd/../src-gen-inter/someip"/>
					<Add directory="/usr/include/x86_64-linux-gnu/qt5"/>
					<Add directory="/usr/include/x86_64-linux-gnu/qt5/QtCore"/>
					<Add directory="/usr/lib/x86_64-linux-gnu/qt5/mkspecs/linux-g++"/>
					<Add directory="/usr/include/x86_64-linux-gnu/qt5/QtQuick"/>
					<Add directory="/usr/include/x86_64-linux-gnu/qt5/QtQml"/>
					<Add directory="/usr/include/x86_64-linux-gnu/qt5/QtNetwork"/>
					<Add directory="/usr/include/x86_64-linux-gnu/qt5/QtGui"/>
					<Add directory="/usr/include/c++/9"/>
					<Add directory="/usr/include/x86_64-linux-gnu/c++/9"/>
					<Add directory="/usr/include/c++/9/backward"/>
					<Add directory="/usr/lib/gcc/x86_64-linux-gnu/9/include"/>
					<Add directory="/usr/local/include"/>
					<Add directory="/usr/include/x86_64-linux-gnu"/>
					<Add directory="/usr/include"/>
				</Compiler>
				<MakeCommands>
					<Build command="/usr/bin/make -j8 -f &quot;/home/jwoon/Desktop/commonapi_vsomeip/gamePadddd/build-gamePaddddd-Desktop-Debug/Makefile&quot;  VERBOSE=1 gamePaddddd/fast"/>
					<CompileFile command="/usr/bin/make -j8 -f &quot;/home/jwoon/Desktop/commonapi_vsomeip/gamePadddd/build-gamePaddddd-Desktop-Debug/Makefile&quot;  VERBOSE=1 &quot;$file&quot;"/>
					<Clean command="/usr/bin/make -j8 -f &quot;/home/jwoon/Desktop/commonapi_vsomeip/gamePadddd/build-gamePaddddd-Desktop-Debug/Makefile&quot;  VERBOSE=1 clean"/>
					<DistClean command="/usr/bin/make -j8 -f &quot;/home/jwoon/Desktop/commonapi_vsomeip/gamePadddd/build-gamePaddddd-Desktop-Debug/Makefile&quot;  VERBOSE=1 clean"/>
				</MakeCommands>
			</Target>
			<Target title="gamepaddddd-someip_autogen">
				<Option working_dir="/home/jwoon/Desktop/commonapi_vsomeip/gamePadddd/build-gamePaddddd-Desktop-Debug"/>
				<Option type="4"/>
				<MakeCommands>
					<Build command="/usr/bin/make -j8 -f &quot;/home/jwoon/Desktop/commonapi_vsomeip/gamePadddd/build-gamePaddddd-Desktop-Debug/Makefile&quot;  VERBOSE=1 gamepaddddd-someip_autogen"/>
					<CompileFile command="/usr/bin/make -j8 -f &quot;/home/jwoon/Desktop/commonapi_vsomeip/gamePadddd/build-gamePaddddd-Desktop-Debug/Makefile&quot;  VERBOSE=1 &quot;$file&quot;"/>
					<Clean command="/usr/bin/make -j8 -f &quot;/home/jwoon/Desktop/commonapi_vsomeip/gamePadddd/build-gamePaddddd-Desktop-Debug/Makefile&quot;  VERBOSE=1 clean"/>
					<DistClean command="/usr/bin/make -j8 -f &quot;/home/jwoon/Desktop/commonapi_vsomeip/gamePadddd/build-gamePaddddd-Desktop-Debug/Makefile&quot;  VERBOSE=1 clean"/>
				</MakeCommands>
			</Target>
			<Target title="gamePaddddd_autogen">
				<Option working_dir="/home/jwoon/Desktop/commonapi_vsomeip/gamePadddd/build-gamePaddddd-Desktop-Debug"/>
				<Option type="4"/>
				<MakeCommands>
					<Build command="/usr/bin/make -j8 -f &quot;/home/jwoon/Desktop/commonapi_vsomeip/gamePadddd/build-gamePaddddd-Desktop-Debug/Makefile&quot;  VERBOSE=1 gamePaddddd_autogen"/>
					<CompileFile command="/usr/bin/make -j8 -f &quot;/home/jwoon/Desktop/commonapi_vsomeip/gamePadddd/build-gamePaddddd-Desktop-Debug/Makefile&quot;  VERBOSE=1 &quot;$file&quot;"/>
					<Clean command="/usr/bin/make -j8 -f &quot;/home/jwoon/Desktop/commonapi_vsomeip/gamePadddd/build-gamePaddddd-Desktop-Debug/Makefile&quot;  VERBOSE=1 clean"/>
					<DistClean command="/usr/bin/make -j8 -f &quot;/home/jwoon/Desktop/commonapi_vsomeip/gamePadddd/build-gamePaddddd-Desktop-Debug/Makefile&quot;  VERBOSE=1 clean"/>
				</MakeCommands>
			</Target>
		</Build>
		<Unit filename="/home/jwoon/Desktop/commonapi_vsomeip/gamePadddd/build-gamePaddddd-Desktop-Debug/gamePaddddd_autogen/EWIEGA46WW/qrc_qml.cpp">
			<Option target="gamePaddddd"/>
		</Unit>
		<Unit filename="/home/jwoon/Desktop/commonapi_vsomeip/gamePadddd/build-gamePaddddd-Desktop-Debug/gamePaddddd_autogen/EWIEGA46WW/qrc_qml.cpp.rule">
			<Option target="gamePaddddd"/>
		</Unit>
		<Unit filename="/home/jwoon/Desktop/commonapi_vsomeip/gamePadddd/build-gamePaddddd-Desktop-Debug/gamePaddddd_autogen/mocs_compilation.cpp">
			<Option target="gamePaddddd"/>
		</Unit>
		<Unit filename="/home/jwoon/Desktop/commonapi_vsomeip/gamePadddd/build-gamePaddddd-Desktop-Debug/gamepaddddd-someip_autogen/mocs_compilation.cpp">
			<Option target="gamepaddddd-someip"/>
		</Unit>
		<Unit filename="/home/jwoon/Desktop/commonapi_vsomeip/gamePadddd/gamePaddddd/gear.cpp">
			<Option target="gamePaddddd"/>
		</Unit>
		<Unit filename="/home/jwoon/Desktop/commonapi_vsomeip/gamePadddd/gamePaddddd/gear.h">
			<Option target="gamePaddddd"/>
		</Unit>
		<Unit filename="/home/jwoon/Desktop/commonapi_vsomeip/gamePadddd/gamePaddddd/lrsign.cpp">
			<Option target="gamePaddddd"/>
		</Unit>
		<Unit filename="/home/jwoon/Desktop/commonapi_vsomeip/gamePadddd/gamePaddddd/lrsign.h">
			<Option target="gamePaddddd"/>
		</Unit>
		<Unit filename="/home/jwoon/Desktop/commonapi_vsomeip/gamePadddd/gamePaddddd/main.cpp">
			<Option target="gamePaddddd"/>
		</Unit>
		<Unit filename="/home/jwoon/Desktop/commonapi_vsomeip/gamePadddd/gamePaddddd/qml.qrc">
			<Option target="gamePaddddd"/>
		</Unit>
		<Unit filename="/home/jwoon/Desktop/commonapi_vsomeip/gamePadddd/src-gen-inter/someip/v0/commonapi/IC_interSomeIPDeployment.cpp">
			<Option target="gamepaddddd-someip"/>
		</Unit>
		<Unit filename="/home/jwoon/Desktop/commonapi_vsomeip/gamePadddd/src-gen-inter/someip/v0/commonapi/IC_interSomeIPDeployment.hpp">
			<Option target="gamepaddddd-someip"/>
		</Unit>
		<Unit filename="/home/jwoon/Desktop/commonapi_vsomeip/gamePadddd/src-gen-inter/someip/v0/commonapi/IC_interSomeIPProxy.cpp">
			<Option target="gamepaddddd-someip"/>
		</Unit>
		<Unit filename="/home/jwoon/Desktop/commonapi_vsomeip/gamePadddd/src-gen-inter/someip/v0/commonapi/IC_interSomeIPProxy.hpp">
			<Option target="gamepaddddd-someip"/>
		</Unit>
		<Unit filename="/home/jwoon/Desktop/commonapi_vsomeip/gamePadddd/src-gen-inter/someip/v0/commonapi/IC_interSomeIPStubAdapter.cpp">
			<Option target="gamepaddddd-someip"/>
		</Unit>
		<Unit filename="/home/jwoon/Desktop/commonapi_vsomeip/gamePadddd/src-gen-inter/someip/v0/commonapi/IC_interSomeIPStubAdapter.hpp">
			<Option target="gamepaddddd-someip"/>
		</Unit>
		<Unit filename="/home/jwoon/Desktop/commonapi_vsomeip/gamePadddd/gamePaddddd/CMakeLists.txt">
			<Option virtualFolder="CMake Files\"/>
		</Unit>
		<Unit filename="/home/jwoon/Desktop/commonapi_vsomeip/gamePadddd/gamePaddddd/qml.qrc">
			<Option virtualFolder="CMake Files\"/>
		</Unit>
		<Unit filename="/home/jwoon/Desktop/commonapi_vsomeip/gamePadddd/gamePaddddd/../../../../../../usr/lib/x86_64-linux-gnu/cmake/Qt5/Qt5Config.cmake">
			<Option virtualFolder="CMake Files\..\..\..\..\..\..\usr\lib\x86_64-linux-gnu\cmake\Qt5\"/>
		</Unit>
		<Unit filename="/home/jwoon/Desktop/commonapi_vsomeip/gamePadddd/gamePaddddd/../../../../../../usr/lib/x86_64-linux-gnu/cmake/Qt5/Qt5ConfigVersion.cmake">
			<Option virtualFolder="CMake Files\..\..\..\..\..\..\usr\lib\x86_64-linux-gnu\cmake\Qt5\"/>
		</Unit>
		<Unit filename="/home/jwoon/Desktop/commonapi_vsomeip/gamePadddd/gamePaddddd/../../../../../../usr/lib/x86_64-linux-gnu/cmake/Qt5/Qt5ModuleLocation.cmake">
			<Option virtualFolder="CMake Files\..\..\..\..\..\..\usr\lib\x86_64-linux-gnu\cmake\Qt5\"/>
		</Unit>
		<Unit filename="/home/jwoon/Desktop/commonapi_vsomeip/gamePadddd/gamePaddddd/../../../../../../usr/lib/x86_64-linux-gnu/cmake/Qt5Core/Qt5CoreConfig.cmake">
			<Option virtualFolder="CMake Files\..\..\..\..\..\..\usr\lib\x86_64-linux-gnu\cmake\Qt5Core\"/>
		</Unit>
		<Unit filename="/home/jwoon/Desktop/commonapi_vsomeip/gamePadddd/gamePaddddd/../../../../../../usr/lib/x86_64-linux-gnu/cmake/Qt5Core/Qt5CoreConfigExtras.cmake">
			<Option virtualFolder="CMake Files\..\..\..\..\..\..\usr\lib\x86_64-linux-gnu\cmake\Qt5Core\"/>
		</Unit>
		<Unit filename="/home/jwoon/Desktop/commonapi_vsomeip/gamePadddd/gamePaddddd/../../../../../../usr/lib/x86_64-linux-gnu/cmake/Qt5Core/Qt5CoreConfigExtrasMkspecDir.cmake">
			<Option virtualFolder="CMake Files\..\..\..\..\..\..\usr\lib\x86_64-linux-gnu\cmake\Qt5Core\"/>
		</Unit>
		<Unit filename="/home/jwoon/Desktop/commonapi_vsomeip/gamePadddd/gamePaddddd/../../../../../../usr/lib/x86_64-linux-gnu/cmake/Qt5Core/Qt5CoreConfigVersion.cmake">
			<Option virtualFolder="CMake Files\..\..\..\..\..\..\usr\lib\x86_64-linux-gnu\cmake\Qt5Core\"/>
		</Unit>
		<Unit filename="/home/jwoon/Desktop/commonapi_vsomeip/gamePadddd/gamePaddddd/../../../../../../usr/lib/x86_64-linux-gnu/cmake/Qt5Core/Qt5CoreMacros.cmake">
			<Option virtualFolder="CMake Files\..\..\..\..\..\..\usr\lib\x86_64-linux-gnu\cmake\Qt5Core\"/>
		</Unit>
		<Unit filename="/home/jwoon/Desktop/commonapi_vsomeip/gamePadddd/gamePaddddd/../../../../../../usr/lib/x86_64-linux-gnu/cmake/Qt5Quick/Qt5QuickConfig.cmake">
			<Option virtualFolder="CMake Files\..\..\..\..\..\..\usr\lib\x86_64-linux-gnu\cmake\Qt5Quick\"/>
		</Unit>
		<Unit filename="/home/jwoon/Desktop/commonapi_vsomeip/gamePadddd/gamePaddddd/../../../../../../usr/lib/x86_64-linux-gnu/cmake/Qt5Quick/Qt5QuickConfigVersion.cmake">
			<Option virtualFolder="CMake Files\..\..\..\..\..\..\usr\lib\x86_64-linux-gnu\cmake\Qt5Quick\"/>
		</Unit>
		<Unit filename="/home/jwoon/Desktop/commonapi_vsomeip/gamePadddd/gamePaddddd/../../../../../../usr/lib/x86_64-linux-gnu/cmake/Qt5Qml/Qt5QmlConfig.cmake">
			<Option virtualFolder="CMake Files\..\..\..\..\..\..\usr\lib\x86_64-linux-gnu\cmake\Qt5Qml\"/>
		</Unit>
		<Unit filename="/home/jwoon/Desktop/commonapi_vsomeip/gamePadddd/gamePaddddd/../../../../../../usr/lib/x86_64-linux-gnu/cmake/Qt5Qml/Qt5QmlConfigExtras.cmake">
			<Option virtualFolder="CMake Files\..\..\..\..\..\..\usr\lib\x86_64-linux-gnu\cmake\Qt5Qml\"/>
		</Unit>
		<Unit filename="/home/jwoon/Desktop/commonapi_vsomeip/gamePadddd/gamePaddddd/../../../../../../usr/lib/x86_64-linux-gnu/cmake/Qt5Qml/Qt5QmlConfigVersion.cmake">
			<Option virtualFolder="CMake Files\..\..\..\..\..\..\usr\lib\x86_64-linux-gnu\cmake\Qt5Qml\"/>
		</Unit>
		<Unit filename="/home/jwoon/Desktop/commonapi_vsomeip/gamePadddd/gamePaddddd/../../../../../../usr/lib/x86_64-linux-gnu/cmake/Qt5Qml/Qt5Qml_QDebugMessageServiceFactory.cmake">
			<Option virtualFolder="CMake Files\..\..\..\..\..\..\usr\lib\x86_64-linux-gnu\cmake\Qt5Qml\"/>
		</Unit>
		<Unit filename="/home/jwoon/Desktop/commonapi_vsomeip/gamePadddd/gamePaddddd/../../../../../../usr/lib/x86_64-linux-gnu/cmake/Qt5Qml/Qt5Qml_QLocalClientConnectionFactory.cmake">
			<Option virtualFolder="CMake Files\..\..\..\..\..\..\usr\lib\x86_64-linux-gnu\cmake\Qt5Qml\"/>
		</Unit>
		<Unit filename="/home/jwoon/Desktop/commonapi_vsomeip/gamePadddd/gamePaddddd/../../../../../../usr/lib/x86_64-linux-gnu/cmake/Qt5Qml/Qt5Qml_QQmlDebugServerFactory.cmake">
			<Option virtualFolder="CMake Files\..\..\..\..\..\..\usr\lib\x86_64-linux-gnu\cmake\Qt5Qml\"/>
		</Unit>
		<Unit filename="/home/jwoon/Desktop/commonapi_vsomeip/gamePadddd/gamePaddddd/../../../../../../usr/lib/x86_64-linux-gnu/cmake/Qt5Qml/Qt5Qml_QQmlDebuggerServiceFactory.cmake">
			<Option virtualFolder="CMake Files\..\..\..\..\..\..\usr\lib\x86_64-linux-gnu\cmake\Qt5Qml\"/>
		</Unit>
		<Unit filename="/home/jwoon/Desktop/commonapi_vsomeip/gamePadddd/gamePaddddd/../../../../../../usr/lib/x86_64-linux-gnu/cmake/Qt5Qml/Qt5Qml_QQmlInspectorServiceFactory.cmake">
			<Option virtualFolder="CMake Files\..\..\..\..\..\..\usr\lib\x86_64-linux-gnu\cmake\Qt5Qml\"/>
		</Unit>
		<Unit filename="/home/jwoon/Desktop/commonapi_vsomeip/gamePadddd/gamePaddddd/../../../../../../usr/lib/x86_64-linux-gnu/cmake/Qt5Qml/Qt5Qml_QQmlNativeDebugConnectorFactory.cmake">
			<Option virtualFolder="CMake Files\..\..\..\..\..\..\usr\lib\x86_64-linux-gnu\cmake\Qt5Qml\"/>
		</Unit>
		<Unit filename="/home/jwoon/Desktop/commonapi_vsomeip/gamePadddd/gamePaddddd/../../../../../../usr/lib/x86_64-linux-gnu/cmake/Qt5Qml/Qt5Qml_QQmlNativeDebugServiceFactory.cmake">
			<Option virtualFolder="CMake Files\..\..\..\..\..\..\usr\lib\x86_64-linux-gnu\cmake\Qt5Qml\"/>
		</Unit>
		<Unit filename="/home/jwoon/Desktop/commonapi_vsomeip/gamePadddd/gamePaddddd/../../../../../../usr/lib/x86_64-linux-gnu/cmake/Qt5Qml/Qt5Qml_QQmlPreviewServiceFactory.cmake">
			<Option virtualFolder="CMake Files\..\..\..\..\..\..\usr\lib\x86_64-linux-gnu\cmake\Qt5Qml\"/>
		</Unit>
		<Unit filename="/home/jwoon/Desktop/commonapi_vsomeip/gamePadddd/gamePaddddd/../../../../../../usr/lib/x86_64-linux-gnu/cmake/Qt5Qml/Qt5Qml_QQmlProfilerServiceFactory.cmake">
			<Option virtualFolder="CMake Files\..\..\..\..\..\..\usr\lib\x86_64-linux-gnu\cmake\Qt5Qml\"/>
		</Unit>
		<Unit filename="/home/jwoon/Desktop/commonapi_vsomeip/gamePadddd/gamePaddddd/../../../../../../usr/lib/x86_64-linux-gnu/cmake/Qt5Qml/Qt5Qml_QQuickProfilerAdapterFactory.cmake">
			<Option virtualFolder="CMake Files\..\..\..\..\..\..\usr\lib\x86_64-linux-gnu\cmake\Qt5Qml\"/>
		</Unit>
		<Unit filename="/home/jwoon/Desktop/commonapi_vsomeip/gamePadddd/gamePaddddd/../../../../../../usr/lib/x86_64-linux-gnu/cmake/Qt5Qml/Qt5Qml_QTcpServerConnectionFactory.cmake">
			<Option virtualFolder="CMake Files\..\..\..\..\..\..\usr\lib\x86_64-linux-gnu\cmake\Qt5Qml\"/>
		</Unit>
		<Unit filename="/home/jwoon/Desktop/commonapi_vsomeip/gamePadddd/gamePaddddd/../../../../../../usr/lib/x86_64-linux-gnu/cmake/Qt5Network/Qt5NetworkConfig.cmake">
			<Option virtualFolder="CMake Files\..\..\..\..\..\..\usr\lib\x86_64-linux-gnu\cmake\Qt5Network\"/>
		</Unit>
		<Unit filename="/home/jwoon/Desktop/commonapi_vsomeip/gamePadddd/gamePaddddd/../../../../../../usr/lib/x86_64-linux-gnu/cmake/Qt5Network/Qt5NetworkConfigVersion.cmake">
			<Option virtualFolder="CMake Files\..\..\..\..\..\..\usr\lib\x86_64-linux-gnu\cmake\Qt5Network\"/>
		</Unit>
		<Unit filename="/home/jwoon/Desktop/commonapi_vsomeip/gamePadddd/gamePaddddd/../../../../../../usr/lib/x86_64-linux-gnu/cmake/Qt5Network/Qt5Network_QConnmanEnginePlugin.cmake">
			<Option virtualFolder="CMake Files\..\..\..\..\..\..\usr\lib\x86_64-linux-gnu\cmake\Qt5Network\"/>
		</Unit>
		<Unit filename="/home/jwoon/Desktop/commonapi_vsomeip/gamePadddd/gamePaddddd/../../../../../../usr/lib/x86_64-linux-gnu/cmake/Qt5Network/Qt5Network_QGenericEnginePlugin.cmake">
			<Option virtualFolder="CMake Files\..\..\..\..\..\..\usr\lib\x86_64-linux-gnu\cmake\Qt5Network\"/>
		</Unit>
		<Unit filename="/home/jwoon/Desktop/commonapi_vsomeip/gamePadddd/gamePaddddd/../../../../../../usr/lib/x86_64-linux-gnu/cmake/Qt5Network/Qt5Network_QNetworkManagerEnginePlugin.cmake">
			<Option virtualFolder="CMake Files\..\..\..\..\..\..\usr\lib\x86_64-linux-gnu\cmake\Qt5Network\"/>
		</Unit>
		<Unit filename="/home/jwoon/Desktop/commonapi_vsomeip/gamePadddd/gamePaddddd/../../../../../../usr/lib/x86_64-linux-gnu/cmake/Qt5Gui/Qt5GuiConfig.cmake">
			<Option virtualFolder="CMake Files\..\..\..\..\..\..\usr\lib\x86_64-linux-gnu\cmake\Qt5Gui\"/>
		</Unit>
		<Unit filename="/home/jwoon/Desktop/commonapi_vsomeip/gamePadddd/gamePaddddd/../../../../../../usr/lib/x86_64-linux-gnu/cmake/Qt5Gui/Qt5GuiConfigExtras.cmake">
			<Option virtualFolder="CMake Files\..\..\..\..\..\..\usr\lib\x86_64-linux-gnu\cmake\Qt5Gui\"/>
		</Unit>
		<Unit filename="/home/jwoon/Desktop/commonapi_vsomeip/gamePadddd/gamePaddddd/../../../../../../usr/lib/x86_64-linux-gnu/cmake/Qt5Gui/Qt5GuiConfigVersion.cmake">
			<Option virtualFolder="CMake Files\..\..\..\..\..\..\usr\lib\x86_64-linux-gnu\cmake\Qt5Gui\"/>
		</Unit>
		<Unit filename="/home/jwoon/Desktop/commonapi_vsomeip/gamePadddd/gamePaddddd/../../../../../../usr/lib/x86_64-linux-gnu/cmake/Qt5Gui/Qt5Gui_QComposePlatformInputContextPlugin.cmake">
			<Option virtualFolder="CMake Files\..\..\..\..\..\..\usr\lib\x86_64-linux-gnu\cmake\Qt5Gui\"/>
		</Unit>
		<Unit filename="/home/jwoon/Desktop/commonapi_vsomeip/gamePadddd/gamePaddddd/../../../../../../usr/lib/x86_64-linux-gnu/cmake/Qt5Gui/Qt5Gui_QEglFSEmulatorIntegrationPlugin.cmake">
			<Option virtualFolder="CMake Files\..\..\..\..\..\..\usr\lib\x86_64-linux-gnu\cmake\Qt5Gui\"/>
		</Unit>
		<Unit filename="/home/jwoon/Desktop/commonapi_vsomeip/gamePadddd/gamePaddddd/../../../../../../usr/lib/x86_64-linux-gnu/cmake/Qt5Gui/Qt5Gui_QEglFSIntegrationPlugin.cmake">
			<Option virtualFolder="CMake Files\..\..\..\..\..\..\usr\lib\x86_64-linux-gnu\cmake\Qt5Gui\"/>
		</Unit>
		<Unit filename="/home/jwoon/Desktop/commonapi_vsomeip/gamePadddd/gamePaddddd/../../../../../../usr/lib/x86_64-linux-gnu/cmake/Qt5Gui/Qt5Gui_QEglFSKmsEglDeviceIntegrationPlugin.cmake">
			<Option virtualFolder="CMake Files\..\..\..\..\..\..\usr\lib\x86_64-linux-gnu\cmake\Qt5Gui\"/>
		</Unit>
		<Unit filename="/home/jwoon/Desktop/commonapi_vsomeip/gamePadddd/gamePaddddd/../../../../../../usr/lib/x86_64-linux-gnu/cmake/Qt5Gui/Qt5Gui_QEglFSKmsGbmIntegrationPlugin.cmake">
			<Option virtualFolder="CMake Files\..\..\..\..\..\..\usr\lib\x86_64-linux-gnu\cmake\Qt5Gui\"/>
		</Unit>
		<Unit filename="/home/jwoon/Desktop/commonapi_vsomeip/gamePadddd/gamePaddddd/../../../../../../usr/lib/x86_64-linux-gnu/cmake/Qt5Gui/Qt5Gui_QEglFSX11IntegrationPlugin.cmake">
			<Option virtualFolder="CMake Files\..\..\..\..\..\..\usr\lib\x86_64-linux-gnu\cmake\Qt5Gui\"/>
		</Unit>
		<Unit filename="/home/jwoon/Desktop/commonapi_vsomeip/gamePadddd/gamePaddddd/../../../../../../usr/lib/x86_64-linux-gnu/cmake/Qt5Gui/Qt5Gui_QEvdevKeyboardPlugin.cmake">
			<Option virtualFolder="CMake Files\..\..\..\..\..\..\usr\lib\x86_64-linux-gnu\cmake\Qt5Gui\"/>
		</Unit>
		<Unit filename="/home/jwoon/Desktop/commonapi_vsomeip/gamePadddd/gamePaddddd/../../../../../../usr/lib/x86_64-linux-gnu/cmake/Qt5Gui/Qt5Gui_QEvdevMousePlugin.cmake">
			<Option virtualFolder="CMake Files\..\..\..\..\..\..\usr\lib\x86_64-linux-gnu\cmake\Qt5Gui\"/>
		</Unit>
		<Unit filename="/home/jwoon/Desktop/commonapi_vsomeip/gamePadddd/gamePaddddd/../../../../../../usr/lib/x86_64-linux-gnu/cmake/Qt5Gui/Qt5Gui_QEvdevTabletPlugin.cmake">
			<Option virtualFolder="CMake Files\..\..\..\..\..\..\usr\lib\x86_64-linux-gnu\cmake\Qt5Gui\"/>
		</Unit>
		<Unit filename="/home/jwoon/Desktop/commonapi_vsomeip/gamePadddd/gamePaddddd/../../../../../../usr/lib/x86_64-linux-gnu/cmake/Qt5Gui/Qt5Gui_QEvdevTouchScreenPlugin.cmake">
			<Option virtualFolder="CMake Files\..\..\..\..\..\..\usr\lib\x86_64-linux-gnu\cmake\Qt5Gui\"/>
		</Unit>
		<Unit filename="/home/jwoon/Desktop/commonapi_vsomeip/gamePadddd/gamePaddddd/../../../../../../usr/lib/x86_64-linux-gnu/cmake/Qt5Gui/Qt5Gui_QGifPlugin.cmake">
			<Option virtualFolder="CMake Files\..\..\..\..\..\..\usr\lib\x86_64-linux-gnu\cmake\Qt5Gui\"/>
		</Unit>
		<Unit filename="/home/jwoon/Desktop/commonapi_vsomeip/gamePadddd/gamePaddddd/../../../../../../usr/lib/x86_64-linux-gnu/cmake/Qt5Gui/Qt5Gui_QICOPlugin.cmake">
			<Option virtualFolder="CMake Files\..\..\..\..\..\..\usr\lib\x86_64-linux-gnu\cmake\Qt5Gui\"/>
		</Unit>
		<Unit filename="/home/jwoon/Desktop/commonapi_vsomeip/gamePadddd/gamePaddddd/../../../../../../usr/lib/x86_64-linux-gnu/cmake/Qt5Gui/Qt5Gui_QIbusPlatformInputContextPlugin.cmake">
			<Option virtualFolder="CMake Files\..\..\..\..\..\..\usr\lib\x86_64-linux-gnu\cmake\Qt5Gui\"/>
		</Unit>
		<Unit filename="/home/jwoon/Desktop/commonapi_vsomeip/gamePadddd/gamePaddddd/../../../../../../usr/lib/x86_64-linux-gnu/cmake/Qt5Gui/Qt5Gui_QJpegPlugin.cmake">
			<Option virtualFolder="CMake Files\..\..\..\..\..\..\usr\lib\x86_64-linux-gnu\cmake\Qt5Gui\"/>
		</Unit>
		<Unit filename="/home/jwoon/Desktop/commonapi_vsomeip/gamePadddd/gamePaddddd/../../../../../../usr/lib/x86_64-linux-gnu/cmake/Qt5Gui/Qt5Gui_QLibInputPlugin.cmake">
			<Option virtualFolder="CMake Files\..\..\..\..\..\..\usr\lib\x86_64-linux-gnu\cmake\Qt5Gui\"/>
		</Unit>
		<Unit filename="/home/jwoon/Desktop/commonapi_vsomeip/gamePadddd/gamePaddddd/../../../../../../usr/lib/x86_64-linux-gnu/cmake/Qt5Gui/Qt5Gui_QLinuxFbIntegrationPlugin.cmake">
			<Option virtualFolder="CMake Files\..\..\..\..\..\..\usr\lib\x86_64-linux-gnu\cmake\Qt5Gui\"/>
		</Unit>
		<Unit filename="/home/jwoon/Desktop/commonapi_vsomeip/gamePadddd/gamePaddddd/../../../../../../usr/lib/x86_64-linux-gnu/cmake/Qt5Gui/Qt5Gui_QMinimalEglIntegrationPlugin.cmake">
			<Option virtualFolder="CMake Files\..\..\..\..\..\..\usr\lib\x86_64-linux-gnu\cmake\Qt5Gui\"/>
		</Unit>
		<Unit filename="/home/jwoon/Desktop/commonapi_vsomeip/gamePadddd/gamePaddddd/../../../../../../usr/lib/x86_64-linux-gnu/cmake/Qt5Gui/Qt5Gui_QMinimalIntegrationPlugin.cmake">
			<Option virtualFolder="CMake Files\..\..\..\..\..\..\usr\lib\x86_64-linux-gnu\cmake\Qt5Gui\"/>
		</Unit>
		<Unit filename="/home/jwoon/Desktop/commonapi_vsomeip/gamePadddd/gamePaddddd/../../../../../../usr/lib/x86_64-linux-gnu/cmake/Qt5Gui/Qt5Gui_QOffscreenIntegrationPlugin.cmake">
			<Option virtualFolder="CMake Files\..\..\..\..\..\..\usr\lib\x86_64-linux-gnu\cmake\Qt5Gui\"/>
		</Unit>
		<Unit filename="/home/jwoon/Desktop/commonapi_vsomeip/gamePadddd/gamePaddddd/../../../../../../usr/lib/x86_64-linux-gnu/cmake/Qt5Gui/Qt5Gui_QTuioTouchPlugin.cmake">
			<Option virtualFolder="CMake Files\..\..\..\..\..\..\usr\lib\x86_64-linux-gnu\cmake\Qt5Gui\"/>
		</Unit>
		<Unit filename="/home/jwoon/Desktop/commonapi_vsomeip/gamePadddd/gamePaddddd/../../../../../../usr/lib/x86_64-linux-gnu/cmake/Qt5Gui/Qt5Gui_QVncIntegrationPlugin.cmake">
			<Option virtualFolder="CMake Files\..\..\..\..\..\..\usr\lib\x86_64-linux-gnu\cmake\Qt5Gui\"/>
		</Unit>
		<Unit filename="/home/jwoon/Desktop/commonapi_vsomeip/gamePadddd/gamePaddddd/../../../../../../usr/lib/x86_64-linux-gnu/cmake/Qt5Gui/Qt5Gui_QXcbEglIntegrationPlugin.cmake">
			<Option virtualFolder="CMake Files\..\..\..\..\..\..\usr\lib\x86_64-linux-gnu\cmake\Qt5Gui\"/>
		</Unit>
		<Unit filename="/home/jwoon/Desktop/commonapi_vsomeip/gamePadddd/gamePaddddd/../../../../../../usr/lib/x86_64-linux-gnu/cmake/Qt5Gui/Qt5Gui_QXcbGlxIntegrationPlugin.cmake">
			<Option virtualFolder="CMake Files\..\..\..\..\..\..\usr\lib\x86_64-linux-gnu\cmake\Qt5Gui\"/>
		</Unit>
		<Unit filename="/home/jwoon/Desktop/commonapi_vsomeip/gamePadddd/gamePaddddd/../../../../../../usr/lib/x86_64-linux-gnu/cmake/Qt5Gui/Qt5Gui_QXcbIntegrationPlugin.cmake">
			<Option virtualFolder="CMake Files\..\..\..\..\..\..\usr\lib\x86_64-linux-gnu\cmake\Qt5Gui\"/>
		</Unit>
		<Unit filename="/home/jwoon/Desktop/commonapi_vsomeip/gamePadddd/gamePaddddd/../../capicxx-someip-runtime/build/CommonAPI-SomeIPConfig.cmake">
			<Option virtualFolder="CMake Files\..\..\capicxx-someip-runtime\build\"/>
		</Unit>
		<Unit filename="/home/jwoon/Desktop/commonapi_vsomeip/gamePadddd/gamePaddddd/../../capicxx-someip-runtime/build/CommonAPI-SomeIPConfigVersion.cmake">
			<Option virtualFolder="CMake Files\..\..\capicxx-someip-runtime\build\"/>
		</Unit>
		<Unit filename="/home/jwoon/Desktop/commonapi_vsomeip/gamePadddd/gamePaddddd/../../capicxx-someip-runtime/build/CommonAPI-SomeIPTargets.cmake">
			<Option virtualFolder="CMake Files\..\..\capicxx-someip-runtime\build\"/>
		</Unit>
		<Unit filename="/home/jwoon/Desktop/commonapi_vsomeip/gamePadddd/gamePaddddd/../../capicxx-core-runtime/build/CommonAPIConfig.cmake">
			<Option virtualFolder="CMake Files\..\..\capicxx-core-runtime\build\"/>
		</Unit>
		<Unit filename="/home/jwoon/Desktop/commonapi_vsomeip/gamePadddd/gamePaddddd/../../capicxx-core-runtime/build/CommonAPIConfigVersion.cmake">
			<Option virtualFolder="CMake Files\..\..\capicxx-core-runtime\build\"/>
		</Unit>
		<Unit filename="/home/jwoon/Desktop/commonapi_vsomeip/gamePadddd/gamePaddddd/../../capicxx-core-runtime/build/CommonAPITargets.cmake">
			<Option virtualFolder="CMake Files\..\..\capicxx-core-runtime\build\"/>
		</Unit>
		<Unit filename="/home/jwoon/Desktop/commonapi_vsomeip/gamePadddd/gamePaddddd/../../vsomeip/build/vsomeip3Config.cmake">
			<Option virtualFolder="CMake Files\..\..\vsomeip\build\"/>
		</Unit>
		<Unit filename="/home/jwoon/Desktop/commonapi_vsomeip/gamePadddd/gamePaddddd/../../vsomeip/build/vsomeip3ConfigVersion.cmake">
			<Option virtualFolder="CMake Files\..\..\vsomeip\build\"/>
		</Unit>
		<Unit filename="/home/jwoon/Desktop/commonapi_vsomeip/gamePadddd/gamePaddddd/../../vsomeip/build/vsomeip3Targets.cmake">
			<Option virtualFolder="CMake Files\..\..\vsomeip\build\"/>
		</Unit>
	</Project>
</CodeBlocks_project_file>
