<?xml version="1.0" encoding="UTF-8"?>
<CodeBlocks_project_file>
	<FileVersion major="1" minor="6"/>
	<Project>
		<Option title="PiRacer-cpp"/>
		<Option makefile_is_custom="1"/>
		<Option compiler="gcc"/>
		<Option virtualFolders="CMake Files\;CMake Files\..\;CMake Files\..\..\;CMake Files\..\..\capicxx-someip-runtime\;CMake Files\..\..\capicxx-someip-runtime\build\;CMake Files\..\..\capicxx-core-runtime\;CMake Files\..\..\capicxx-core-runtime\build\;CMake Files\..\..\vsomeip\;CMake Files\..\..\vsomeip\build\;CMake Files\..\..\..\;CMake Files\..\..\..\..\;CMake Files\..\..\..\..\..\;CMake Files\..\..\..\..\..\..\;CMake Files\..\..\..\..\..\..\usr\;CMake Files\..\..\..\..\..\..\usr\lib\;CMake Files\..\..\..\..\..\..\usr\lib\x86_64-linux-gnu\;CMake Files\..\..\..\..\..\..\usr\lib\x86_64-linux-gnu\cmake\;CMake Files\..\..\..\..\..\..\usr\lib\x86_64-linux-gnu\cmake\Boost-1.71.0\;CMake Files\..\..\..\..\..\..\usr\lib\x86_64-linux-gnu\cmake\boost_headers-1.71.0\;CMake Files\..\..\..\..\..\..\usr\lib\x86_64-linux-gnu\cmake\boost_system-1.71.0\;CMake Files\..\..\..\..\..\..\usr\lib\x86_64-linux-gnu\cmake\boost_thread-1.71.0\;CMake Files\..\..\..\..\..\..\usr\lib\x86_64-linux-gnu\cmake\boost_atomic-1.71.0\;CMake Files\..\..\..\..\..\..\usr\lib\x86_64-linux-gnu\cmake\boost_log-1.71.0\;CMake Files\..\..\..\..\..\..\usr\lib\x86_64-linux-gnu\cmake\boost_chrono-1.71.0\;CMake Files\..\..\..\..\..\..\usr\lib\x86_64-linux-gnu\cmake\boost_date_time-1.71.0\;CMake Files\..\..\..\..\..\..\usr\lib\x86_64-linux-gnu\cmake\boost_filesystem-1.71.0\;CMake Files\..\..\..\..\..\..\usr\lib\x86_64-linux-gnu\cmake\boost_regex-1.71.0\;CMake Files\cmake\;CMake Files\cmake\modules\;"/>
		<Build>
			<Target title="all">
				<Option working_dir="/home/jwoon/Desktop/commonapi_vsomeip/piracer_vsomeip/build-piracer_vsomeip-Desktop-Debug"/>
				<Option type="4"/>
				<MakeCommands>
					<Build command="/usr/bin/make -j8 -f &quot;/home/jwoon/Desktop/commonapi_vsomeip/piracer_vsomeip/build-piracer_vsomeip-Desktop-Debug/Makefile&quot;  VERBOSE=1 all"/>
					<CompileFile command="/usr/bin/make -j8 -f &quot;/home/jwoon/Desktop/commonapi_vsomeip/piracer_vsomeip/build-piracer_vsomeip-Desktop-Debug/Makefile&quot;  VERBOSE=1 &quot;$file&quot;"/>
					<Clean command="/usr/bin/make -j8 -f &quot;/home/jwoon/Desktop/commonapi_vsomeip/piracer_vsomeip/build-piracer_vsomeip-Desktop-Debug/Makefile&quot;  VERBOSE=1 clean"/>
					<DistClean command="/usr/bin/make -j8 -f &quot;/home/jwoon/Desktop/commonapi_vsomeip/piracer_vsomeip/build-piracer_vsomeip-Desktop-Debug/Makefile&quot;  VERBOSE=1 clean"/>
				</MakeCommands>
			</Target>
			<Target title="install/strip">
				<Option working_dir="/home/jwoon/Desktop/commonapi_vsomeip/piracer_vsomeip/build-piracer_vsomeip-Desktop-Debug"/>
				<Option type="4"/>
				<MakeCommands>
					<Build command="/usr/bin/make -j8 -f &quot;/home/jwoon/Desktop/commonapi_vsomeip/piracer_vsomeip/build-piracer_vsomeip-Desktop-Debug/Makefile&quot;  VERBOSE=1 install/strip"/>
					<CompileFile command="/usr/bin/make -j8 -f &quot;/home/jwoon/Desktop/commonapi_vsomeip/piracer_vsomeip/build-piracer_vsomeip-Desktop-Debug/Makefile&quot;  VERBOSE=1 &quot;$file&quot;"/>
					<Clean command="/usr/bin/make -j8 -f &quot;/home/jwoon/Desktop/commonapi_vsomeip/piracer_vsomeip/build-piracer_vsomeip-Desktop-Debug/Makefile&quot;  VERBOSE=1 clean"/>
					<DistClean command="/usr/bin/make -j8 -f &quot;/home/jwoon/Desktop/commonapi_vsomeip/piracer_vsomeip/build-piracer_vsomeip-Desktop-Debug/Makefile&quot;  VERBOSE=1 clean"/>
				</MakeCommands>
			</Target>
			<Target title="install/local">
				<Option working_dir="/home/jwoon/Desktop/commonapi_vsomeip/piracer_vsomeip/build-piracer_vsomeip-Desktop-Debug"/>
				<Option type="4"/>
				<MakeCommands>
					<Build command="/usr/bin/make -j8 -f &quot;/home/jwoon/Desktop/commonapi_vsomeip/piracer_vsomeip/build-piracer_vsomeip-Desktop-Debug/Makefile&quot;  VERBOSE=1 install/local"/>
					<CompileFile command="/usr/bin/make -j8 -f &quot;/home/jwoon/Desktop/commonapi_vsomeip/piracer_vsomeip/build-piracer_vsomeip-Desktop-Debug/Makefile&quot;  VERBOSE=1 &quot;$file&quot;"/>
					<Clean command="/usr/bin/make -j8 -f &quot;/home/jwoon/Desktop/commonapi_vsomeip/piracer_vsomeip/build-piracer_vsomeip-Desktop-Debug/Makefile&quot;  VERBOSE=1 clean"/>
					<DistClean command="/usr/bin/make -j8 -f &quot;/home/jwoon/Desktop/commonapi_vsomeip/piracer_vsomeip/build-piracer_vsomeip-Desktop-Debug/Makefile&quot;  VERBOSE=1 clean"/>
				</MakeCommands>
			</Target>
			<Target title="install">
				<Option working_dir="/home/jwoon/Desktop/commonapi_vsomeip/piracer_vsomeip/build-piracer_vsomeip-Desktop-Debug"/>
				<Option type="4"/>
				<MakeCommands>
					<Build command="/usr/bin/make -j8 -f &quot;/home/jwoon/Desktop/commonapi_vsomeip/piracer_vsomeip/build-piracer_vsomeip-Desktop-Debug/Makefile&quot;  VERBOSE=1 install"/>
					<CompileFile command="/usr/bin/make -j8 -f &quot;/home/jwoon/Desktop/commonapi_vsomeip/piracer_vsomeip/build-piracer_vsomeip-Desktop-Debug/Makefile&quot;  VERBOSE=1 &quot;$file&quot;"/>
					<Clean command="/usr/bin/make -j8 -f &quot;/home/jwoon/Desktop/commonapi_vsomeip/piracer_vsomeip/build-piracer_vsomeip-Desktop-Debug/Makefile&quot;  VERBOSE=1 clean"/>
					<DistClean command="/usr/bin/make -j8 -f &quot;/home/jwoon/Desktop/commonapi_vsomeip/piracer_vsomeip/build-piracer_vsomeip-Desktop-Debug/Makefile&quot;  VERBOSE=1 clean"/>
				</MakeCommands>
			</Target>
			<Target title="list_install_components">
				<Option working_dir="/home/jwoon/Desktop/commonapi_vsomeip/piracer_vsomeip/build-piracer_vsomeip-Desktop-Debug"/>
				<Option type="4"/>
				<MakeCommands>
					<Build command="/usr/bin/make -j8 -f &quot;/home/jwoon/Desktop/commonapi_vsomeip/piracer_vsomeip/build-piracer_vsomeip-Desktop-Debug/Makefile&quot;  VERBOSE=1 list_install_components"/>
					<CompileFile command="/usr/bin/make -j8 -f &quot;/home/jwoon/Desktop/commonapi_vsomeip/piracer_vsomeip/build-piracer_vsomeip-Desktop-Debug/Makefile&quot;  VERBOSE=1 &quot;$file&quot;"/>
					<Clean command="/usr/bin/make -j8 -f &quot;/home/jwoon/Desktop/commonapi_vsomeip/piracer_vsomeip/build-piracer_vsomeip-Desktop-Debug/Makefile&quot;  VERBOSE=1 clean"/>
					<DistClean command="/usr/bin/make -j8 -f &quot;/home/jwoon/Desktop/commonapi_vsomeip/piracer_vsomeip/build-piracer_vsomeip-Desktop-Debug/Makefile&quot;  VERBOSE=1 clean"/>
				</MakeCommands>
			</Target>
			<Target title="rebuild_cache">
				<Option working_dir="/home/jwoon/Desktop/commonapi_vsomeip/piracer_vsomeip/build-piracer_vsomeip-Desktop-Debug"/>
				<Option type="4"/>
				<MakeCommands>
					<Build command="/usr/bin/make -j8 -f &quot;/home/jwoon/Desktop/commonapi_vsomeip/piracer_vsomeip/build-piracer_vsomeip-Desktop-Debug/Makefile&quot;  VERBOSE=1 rebuild_cache"/>
					<CompileFile command="/usr/bin/make -j8 -f &quot;/home/jwoon/Desktop/commonapi_vsomeip/piracer_vsomeip/build-piracer_vsomeip-Desktop-Debug/Makefile&quot;  VERBOSE=1 &quot;$file&quot;"/>
					<Clean command="/usr/bin/make -j8 -f &quot;/home/jwoon/Desktop/commonapi_vsomeip/piracer_vsomeip/build-piracer_vsomeip-Desktop-Debug/Makefile&quot;  VERBOSE=1 clean"/>
					<DistClean command="/usr/bin/make -j8 -f &quot;/home/jwoon/Desktop/commonapi_vsomeip/piracer_vsomeip/build-piracer_vsomeip-Desktop-Debug/Makefile&quot;  VERBOSE=1 clean"/>
				</MakeCommands>
			</Target>
			<Target title="edit_cache">
				<Option working_dir="/home/jwoon/Desktop/commonapi_vsomeip/piracer_vsomeip/build-piracer_vsomeip-Desktop-Debug"/>
				<Option type="4"/>
				<MakeCommands>
					<Build command="/usr/bin/make -j8 -f &quot;/home/jwoon/Desktop/commonapi_vsomeip/piracer_vsomeip/build-piracer_vsomeip-Desktop-Debug/Makefile&quot;  VERBOSE=1 edit_cache"/>
					<CompileFile command="/usr/bin/make -j8 -f &quot;/home/jwoon/Desktop/commonapi_vsomeip/piracer_vsomeip/build-piracer_vsomeip-Desktop-Debug/Makefile&quot;  VERBOSE=1 &quot;$file&quot;"/>
					<Clean command="/usr/bin/make -j8 -f &quot;/home/jwoon/Desktop/commonapi_vsomeip/piracer_vsomeip/build-piracer_vsomeip-Desktop-Debug/Makefile&quot;  VERBOSE=1 clean"/>
					<DistClean command="/usr/bin/make -j8 -f &quot;/home/jwoon/Desktop/commonapi_vsomeip/piracer_vsomeip/build-piracer_vsomeip-Desktop-Debug/Makefile&quot;  VERBOSE=1 clean"/>
				</MakeCommands>
			</Target>
			<Target title="forward_backward_left_right">
				<Option output="/home/jwoon/Desktop/commonapi_vsomeip/piracer_vsomeip/build-piracer_vsomeip-Desktop-Debug/forward_backward_left_right" prefix_auto="0" extension_auto="0"/>
				<Option working_dir="/home/jwoon/Desktop/commonapi_vsomeip/piracer_vsomeip/build-piracer_vsomeip-Desktop-Debug"/>
				<Option object_output="./"/>
				<Option type="1"/>
				<Option compiler="gcc"/>
				<Compiler>
					<Add directory="/usr/include"/>
					<Add directory="/home/jwoon/Desktop/commonapi_vsomeip/piracer_vsomeip/piracer_vsomeip/./Adafruit_INA219"/>
					<Add directory="/home/jwoon/Desktop/commonapi_vsomeip/piracer_vsomeip/piracer_vsomeip/./Adafruit_PCA9685"/>
					<Add directory="/home/jwoon/Desktop/commonapi_vsomeip/piracer_vsomeip/piracer_vsomeip/./Gamepad"/>
					<Add directory="/home/jwoon/Desktop/commonapi_vsomeip/piracer_vsomeip/piracer_vsomeip/./PiRacer"/>
					<Add directory="/usr/local/include"/>
					<Add directory="/home/jwoon/Desktop/commonapi_vsomeip/piracer_vsomeip/piracer_vsomeip/./src-gen-inter"/>
					<Add directory="/home/jwoon/Desktop/commonapi_vsomeip/piracer_vsomeip/piracer_vsomeip/../../install_folder/include/CommonAPI-3.2"/>
					<Add directory="/home/jwoon/Desktop/commonapi_vsomeip/piracer_vsomeip/piracer_vsomeip/../../install_folder/include"/>
					<Add directory="/home/jwoon/Desktop/commonapi_vsomeip/piracer_vsomeip/piracer_vsomeip/../../install_folder/lib"/>
					<Add directory="/home/jwoon/Desktop/commonapi_vsomeip/piracer_vsomeip/piracer_vsomeip/./src-gen-inter/core"/>
					<Add directory="/home/jwoon/Desktop/commonapi_vsomeip/piracer_vsomeip/piracer_vsomeip/./src-gen-inter/someip"/>
					<Add directory="/usr/include/c++/9"/>
					<Add directory="/usr/include/x86_64-linux-gnu/c++/9"/>
					<Add directory="/usr/include/c++/9/backward"/>
					<Add directory="/usr/lib/gcc/x86_64-linux-gnu/9/include"/>
					<Add directory="/usr/include/x86_64-linux-gnu"/>
				</Compiler>
				<MakeCommands>
					<Build command="/usr/bin/make -j8 -f &quot;/home/jwoon/Desktop/commonapi_vsomeip/piracer_vsomeip/build-piracer_vsomeip-Desktop-Debug/Makefile&quot;  VERBOSE=1 forward_backward_left_right"/>
					<CompileFile command="/usr/bin/make -j8 -f &quot;/home/jwoon/Desktop/commonapi_vsomeip/piracer_vsomeip/build-piracer_vsomeip-Desktop-Debug/Makefile&quot;  VERBOSE=1 &quot;$file&quot;"/>
					<Clean command="/usr/bin/make -j8 -f &quot;/home/jwoon/Desktop/commonapi_vsomeip/piracer_vsomeip/build-piracer_vsomeip-Desktop-Debug/Makefile&quot;  VERBOSE=1 clean"/>
					<DistClean command="/usr/bin/make -j8 -f &quot;/home/jwoon/Desktop/commonapi_vsomeip/piracer_vsomeip/build-piracer_vsomeip-Desktop-Debug/Makefile&quot;  VERBOSE=1 clean"/>
				</MakeCommands>
			</Target>
			<Target title="forward_backward_left_right/fast">
				<Option output="/home/jwoon/Desktop/commonapi_vsomeip/piracer_vsomeip/build-piracer_vsomeip-Desktop-Debug/forward_backward_left_right" prefix_auto="0" extension_auto="0"/>
				<Option working_dir="/home/jwoon/Desktop/commonapi_vsomeip/piracer_vsomeip/build-piracer_vsomeip-Desktop-Debug"/>
				<Option object_output="./"/>
				<Option type="1"/>
				<Option compiler="gcc"/>
				<Compiler>
					<Add directory="/usr/include"/>
					<Add directory="/home/jwoon/Desktop/commonapi_vsomeip/piracer_vsomeip/piracer_vsomeip/./Adafruit_INA219"/>
					<Add directory="/home/jwoon/Desktop/commonapi_vsomeip/piracer_vsomeip/piracer_vsomeip/./Adafruit_PCA9685"/>
					<Add directory="/home/jwoon/Desktop/commonapi_vsomeip/piracer_vsomeip/piracer_vsomeip/./Gamepad"/>
					<Add directory="/home/jwoon/Desktop/commonapi_vsomeip/piracer_vsomeip/piracer_vsomeip/./PiRacer"/>
					<Add directory="/usr/local/include"/>
					<Add directory="/home/jwoon/Desktop/commonapi_vsomeip/piracer_vsomeip/piracer_vsomeip/./src-gen-inter"/>
					<Add directory="/home/jwoon/Desktop/commonapi_vsomeip/piracer_vsomeip/piracer_vsomeip/../../install_folder/include/CommonAPI-3.2"/>
					<Add directory="/home/jwoon/Desktop/commonapi_vsomeip/piracer_vsomeip/piracer_vsomeip/../../install_folder/include"/>
					<Add directory="/home/jwoon/Desktop/commonapi_vsomeip/piracer_vsomeip/piracer_vsomeip/../../install_folder/lib"/>
					<Add directory="/home/jwoon/Desktop/commonapi_vsomeip/piracer_vsomeip/piracer_vsomeip/./src-gen-inter/core"/>
					<Add directory="/home/jwoon/Desktop/commonapi_vsomeip/piracer_vsomeip/piracer_vsomeip/./src-gen-inter/someip"/>
					<Add directory="/usr/include/c++/9"/>
					<Add directory="/usr/include/x86_64-linux-gnu/c++/9"/>
					<Add directory="/usr/include/c++/9/backward"/>
					<Add directory="/usr/lib/gcc/x86_64-linux-gnu/9/include"/>
					<Add directory="/usr/include/x86_64-linux-gnu"/>
				</Compiler>
				<MakeCommands>
					<Build command="/usr/bin/make -j8 -f &quot;/home/jwoon/Desktop/commonapi_vsomeip/piracer_vsomeip/build-piracer_vsomeip-Desktop-Debug/Makefile&quot;  VERBOSE=1 forward_backward_left_right/fast"/>
					<CompileFile command="/usr/bin/make -j8 -f &quot;/home/jwoon/Desktop/commonapi_vsomeip/piracer_vsomeip/build-piracer_vsomeip-Desktop-Debug/Makefile&quot;  VERBOSE=1 &quot;$file&quot;"/>
					<Clean command="/usr/bin/make -j8 -f &quot;/home/jwoon/Desktop/commonapi_vsomeip/piracer_vsomeip/build-piracer_vsomeip-Desktop-Debug/Makefile&quot;  VERBOSE=1 clean"/>
					<DistClean command="/usr/bin/make -j8 -f &quot;/home/jwoon/Desktop/commonapi_vsomeip/piracer_vsomeip/build-piracer_vsomeip-Desktop-Debug/Makefile&quot;  VERBOSE=1 clean"/>
				</MakeCommands>
			</Target>
			<Target title="read_battery">
				<Option output="/home/jwoon/Desktop/commonapi_vsomeip/piracer_vsomeip/build-piracer_vsomeip-Desktop-Debug/read_battery" prefix_auto="0" extension_auto="0"/>
				<Option working_dir="/home/jwoon/Desktop/commonapi_vsomeip/piracer_vsomeip/build-piracer_vsomeip-Desktop-Debug"/>
				<Option object_output="./"/>
				<Option type="1"/>
				<Option compiler="gcc"/>
				<Compiler>
					<Add directory="/usr/include"/>
					<Add directory="/home/jwoon/Desktop/commonapi_vsomeip/piracer_vsomeip/piracer_vsomeip/./Adafruit_INA219"/>
					<Add directory="/home/jwoon/Desktop/commonapi_vsomeip/piracer_vsomeip/piracer_vsomeip/./Adafruit_PCA9685"/>
					<Add directory="/home/jwoon/Desktop/commonapi_vsomeip/piracer_vsomeip/piracer_vsomeip/./Gamepad"/>
					<Add directory="/home/jwoon/Desktop/commonapi_vsomeip/piracer_vsomeip/piracer_vsomeip/./PiRacer"/>
					<Add directory="/usr/local/include"/>
					<Add directory="/home/jwoon/Desktop/commonapi_vsomeip/piracer_vsomeip/piracer_vsomeip/./src-gen-inter"/>
					<Add directory="/home/jwoon/Desktop/commonapi_vsomeip/piracer_vsomeip/piracer_vsomeip/../../install_folder/include/CommonAPI-3.2"/>
					<Add directory="/home/jwoon/Desktop/commonapi_vsomeip/piracer_vsomeip/piracer_vsomeip/../../install_folder/include"/>
					<Add directory="/home/jwoon/Desktop/commonapi_vsomeip/piracer_vsomeip/piracer_vsomeip/../../install_folder/lib"/>
					<Add directory="/home/jwoon/Desktop/commonapi_vsomeip/piracer_vsomeip/piracer_vsomeip/./src-gen-inter/core"/>
					<Add directory="/home/jwoon/Desktop/commonapi_vsomeip/piracer_vsomeip/piracer_vsomeip/./src-gen-inter/someip"/>
					<Add directory="/usr/include/c++/9"/>
					<Add directory="/usr/include/x86_64-linux-gnu/c++/9"/>
					<Add directory="/usr/include/c++/9/backward"/>
					<Add directory="/usr/lib/gcc/x86_64-linux-gnu/9/include"/>
					<Add directory="/usr/include/x86_64-linux-gnu"/>
				</Compiler>
				<MakeCommands>
					<Build command="/usr/bin/make -j8 -f &quot;/home/jwoon/Desktop/commonapi_vsomeip/piracer_vsomeip/build-piracer_vsomeip-Desktop-Debug/Makefile&quot;  VERBOSE=1 read_battery"/>
					<CompileFile command="/usr/bin/make -j8 -f &quot;/home/jwoon/Desktop/commonapi_vsomeip/piracer_vsomeip/build-piracer_vsomeip-Desktop-Debug/Makefile&quot;  VERBOSE=1 &quot;$file&quot;"/>
					<Clean command="/usr/bin/make -j8 -f &quot;/home/jwoon/Desktop/commonapi_vsomeip/piracer_vsomeip/build-piracer_vsomeip-Desktop-Debug/Makefile&quot;  VERBOSE=1 clean"/>
					<DistClean command="/usr/bin/make -j8 -f &quot;/home/jwoon/Desktop/commonapi_vsomeip/piracer_vsomeip/build-piracer_vsomeip-Desktop-Debug/Makefile&quot;  VERBOSE=1 clean"/>
				</MakeCommands>
			</Target>
			<Target title="read_battery/fast">
				<Option output="/home/jwoon/Desktop/commonapi_vsomeip/piracer_vsomeip/build-piracer_vsomeip-Desktop-Debug/read_battery" prefix_auto="0" extension_auto="0"/>
				<Option working_dir="/home/jwoon/Desktop/commonapi_vsomeip/piracer_vsomeip/build-piracer_vsomeip-Desktop-Debug"/>
				<Option object_output="./"/>
				<Option type="1"/>
				<Option compiler="gcc"/>
				<Compiler>
					<Add directory="/usr/include"/>
					<Add directory="/home/jwoon/Desktop/commonapi_vsomeip/piracer_vsomeip/piracer_vsomeip/./Adafruit_INA219"/>
					<Add directory="/home/jwoon/Desktop/commonapi_vsomeip/piracer_vsomeip/piracer_vsomeip/./Adafruit_PCA9685"/>
					<Add directory="/home/jwoon/Desktop/commonapi_vsomeip/piracer_vsomeip/piracer_vsomeip/./Gamepad"/>
					<Add directory="/home/jwoon/Desktop/commonapi_vsomeip/piracer_vsomeip/piracer_vsomeip/./PiRacer"/>
					<Add directory="/usr/local/include"/>
					<Add directory="/home/jwoon/Desktop/commonapi_vsomeip/piracer_vsomeip/piracer_vsomeip/./src-gen-inter"/>
					<Add directory="/home/jwoon/Desktop/commonapi_vsomeip/piracer_vsomeip/piracer_vsomeip/../../install_folder/include/CommonAPI-3.2"/>
					<Add directory="/home/jwoon/Desktop/commonapi_vsomeip/piracer_vsomeip/piracer_vsomeip/../../install_folder/include"/>
					<Add directory="/home/jwoon/Desktop/commonapi_vsomeip/piracer_vsomeip/piracer_vsomeip/../../install_folder/lib"/>
					<Add directory="/home/jwoon/Desktop/commonapi_vsomeip/piracer_vsomeip/piracer_vsomeip/./src-gen-inter/core"/>
					<Add directory="/home/jwoon/Desktop/commonapi_vsomeip/piracer_vsomeip/piracer_vsomeip/./src-gen-inter/someip"/>
					<Add directory="/usr/include/c++/9"/>
					<Add directory="/usr/include/x86_64-linux-gnu/c++/9"/>
					<Add directory="/usr/include/c++/9/backward"/>
					<Add directory="/usr/lib/gcc/x86_64-linux-gnu/9/include"/>
					<Add directory="/usr/include/x86_64-linux-gnu"/>
				</Compiler>
				<MakeCommands>
					<Build command="/usr/bin/make -j8 -f &quot;/home/jwoon/Desktop/commonapi_vsomeip/piracer_vsomeip/build-piracer_vsomeip-Desktop-Debug/Makefile&quot;  VERBOSE=1 read_battery/fast"/>
					<CompileFile command="/usr/bin/make -j8 -f &quot;/home/jwoon/Desktop/commonapi_vsomeip/piracer_vsomeip/build-piracer_vsomeip-Desktop-Debug/Makefile&quot;  VERBOSE=1 &quot;$file&quot;"/>
					<Clean command="/usr/bin/make -j8 -f &quot;/home/jwoon/Desktop/commonapi_vsomeip/piracer_vsomeip/build-piracer_vsomeip-Desktop-Debug/Makefile&quot;  VERBOSE=1 clean"/>
					<DistClean command="/usr/bin/make -j8 -f &quot;/home/jwoon/Desktop/commonapi_vsomeip/piracer_vsomeip/build-piracer_vsomeip-Desktop-Debug/Makefile&quot;  VERBOSE=1 clean"/>
				</MakeCommands>
			</Target>
			<Target title="gamepad_control">
				<Option output="/home/jwoon/Desktop/commonapi_vsomeip/piracer_vsomeip/build-piracer_vsomeip-Desktop-Debug/gamepad_control" prefix_auto="0" extension_auto="0"/>
				<Option working_dir="/home/jwoon/Desktop/commonapi_vsomeip/piracer_vsomeip/build-piracer_vsomeip-Desktop-Debug"/>
				<Option object_output="./"/>
				<Option type="1"/>
				<Option compiler="gcc"/>
				<Compiler>
					<Add directory="/usr/include"/>
					<Add directory="/home/jwoon/Desktop/commonapi_vsomeip/piracer_vsomeip/piracer_vsomeip/./Adafruit_INA219"/>
					<Add directory="/home/jwoon/Desktop/commonapi_vsomeip/piracer_vsomeip/piracer_vsomeip/./Adafruit_PCA9685"/>
					<Add directory="/home/jwoon/Desktop/commonapi_vsomeip/piracer_vsomeip/piracer_vsomeip/./Gamepad"/>
					<Add directory="/home/jwoon/Desktop/commonapi_vsomeip/piracer_vsomeip/piracer_vsomeip/./PiRacer"/>
					<Add directory="/usr/local/include"/>
					<Add directory="/home/jwoon/Desktop/commonapi_vsomeip/piracer_vsomeip/piracer_vsomeip/./src-gen-inter"/>
					<Add directory="/home/jwoon/Desktop/commonapi_vsomeip/piracer_vsomeip/piracer_vsomeip/../../install_folder/include/CommonAPI-3.2"/>
					<Add directory="/home/jwoon/Desktop/commonapi_vsomeip/piracer_vsomeip/piracer_vsomeip/../../install_folder/include"/>
					<Add directory="/home/jwoon/Desktop/commonapi_vsomeip/piracer_vsomeip/piracer_vsomeip/../../install_folder/lib"/>
					<Add directory="/home/jwoon/Desktop/commonapi_vsomeip/piracer_vsomeip/piracer_vsomeip/./src-gen-inter/core"/>
					<Add directory="/home/jwoon/Desktop/commonapi_vsomeip/piracer_vsomeip/piracer_vsomeip/./src-gen-inter/someip"/>
					<Add directory="/usr/include/c++/9"/>
					<Add directory="/usr/include/x86_64-linux-gnu/c++/9"/>
					<Add directory="/usr/include/c++/9/backward"/>
					<Add directory="/usr/lib/gcc/x86_64-linux-gnu/9/include"/>
					<Add directory="/usr/include/x86_64-linux-gnu"/>
				</Compiler>
				<MakeCommands>
					<Build command="/usr/bin/make -j8 -f &quot;/home/jwoon/Desktop/commonapi_vsomeip/piracer_vsomeip/build-piracer_vsomeip-Desktop-Debug/Makefile&quot;  VERBOSE=1 gamepad_control"/>
					<CompileFile command="/usr/bin/make -j8 -f &quot;/home/jwoon/Desktop/commonapi_vsomeip/piracer_vsomeip/build-piracer_vsomeip-Desktop-Debug/Makefile&quot;  VERBOSE=1 &quot;$file&quot;"/>
					<Clean command="/usr/bin/make -j8 -f &quot;/home/jwoon/Desktop/commonapi_vsomeip/piracer_vsomeip/build-piracer_vsomeip-Desktop-Debug/Makefile&quot;  VERBOSE=1 clean"/>
					<DistClean command="/usr/bin/make -j8 -f &quot;/home/jwoon/Desktop/commonapi_vsomeip/piracer_vsomeip/build-piracer_vsomeip-Desktop-Debug/Makefile&quot;  VERBOSE=1 clean"/>
				</MakeCommands>
			</Target>
			<Target title="gamepad_control/fast">
				<Option output="/home/jwoon/Desktop/commonapi_vsomeip/piracer_vsomeip/build-piracer_vsomeip-Desktop-Debug/gamepad_control" prefix_auto="0" extension_auto="0"/>
				<Option working_dir="/home/jwoon/Desktop/commonapi_vsomeip/piracer_vsomeip/build-piracer_vsomeip-Desktop-Debug"/>
				<Option object_output="./"/>
				<Option type="1"/>
				<Option compiler="gcc"/>
				<Compiler>
					<Add directory="/usr/include"/>
					<Add directory="/home/jwoon/Desktop/commonapi_vsomeip/piracer_vsomeip/piracer_vsomeip/./Adafruit_INA219"/>
					<Add directory="/home/jwoon/Desktop/commonapi_vsomeip/piracer_vsomeip/piracer_vsomeip/./Adafruit_PCA9685"/>
					<Add directory="/home/jwoon/Desktop/commonapi_vsomeip/piracer_vsomeip/piracer_vsomeip/./Gamepad"/>
					<Add directory="/home/jwoon/Desktop/commonapi_vsomeip/piracer_vsomeip/piracer_vsomeip/./PiRacer"/>
					<Add directory="/usr/local/include"/>
					<Add directory="/home/jwoon/Desktop/commonapi_vsomeip/piracer_vsomeip/piracer_vsomeip/./src-gen-inter"/>
					<Add directory="/home/jwoon/Desktop/commonapi_vsomeip/piracer_vsomeip/piracer_vsomeip/../../install_folder/include/CommonAPI-3.2"/>
					<Add directory="/home/jwoon/Desktop/commonapi_vsomeip/piracer_vsomeip/piracer_vsomeip/../../install_folder/include"/>
					<Add directory="/home/jwoon/Desktop/commonapi_vsomeip/piracer_vsomeip/piracer_vsomeip/../../install_folder/lib"/>
					<Add directory="/home/jwoon/Desktop/commonapi_vsomeip/piracer_vsomeip/piracer_vsomeip/./src-gen-inter/core"/>
					<Add directory="/home/jwoon/Desktop/commonapi_vsomeip/piracer_vsomeip/piracer_vsomeip/./src-gen-inter/someip"/>
					<Add directory="/usr/include/c++/9"/>
					<Add directory="/usr/include/x86_64-linux-gnu/c++/9"/>
					<Add directory="/usr/include/c++/9/backward"/>
					<Add directory="/usr/lib/gcc/x86_64-linux-gnu/9/include"/>
					<Add directory="/usr/include/x86_64-linux-gnu"/>
				</Compiler>
				<MakeCommands>
					<Build command="/usr/bin/make -j8 -f &quot;/home/jwoon/Desktop/commonapi_vsomeip/piracer_vsomeip/build-piracer_vsomeip-Desktop-Debug/Makefile&quot;  VERBOSE=1 gamepad_control/fast"/>
					<CompileFile command="/usr/bin/make -j8 -f &quot;/home/jwoon/Desktop/commonapi_vsomeip/piracer_vsomeip/build-piracer_vsomeip-Desktop-Debug/Makefile&quot;  VERBOSE=1 &quot;$file&quot;"/>
					<Clean command="/usr/bin/make -j8 -f &quot;/home/jwoon/Desktop/commonapi_vsomeip/piracer_vsomeip/build-piracer_vsomeip-Desktop-Debug/Makefile&quot;  VERBOSE=1 clean"/>
					<DistClean command="/usr/bin/make -j8 -f &quot;/home/jwoon/Desktop/commonapi_vsomeip/piracer_vsomeip/build-piracer_vsomeip-Desktop-Debug/Makefile&quot;  VERBOSE=1 clean"/>
				</MakeCommands>
			</Target>
			<Target title="gamepad_control-someip">
				<Option output="/home/jwoon/Desktop/commonapi_vsomeip/piracer_vsomeip/build-piracer_vsomeip-Desktop-Debug/libgamepad_control-someip.so" prefix_auto="0" extension_auto="0"/>
				<Option working_dir="/home/jwoon/Desktop/commonapi_vsomeip/piracer_vsomeip/build-piracer_vsomeip-Desktop-Debug"/>
				<Option object_output="./"/>
				<Option type="3"/>
				<Option compiler="gcc"/>
				<Compiler>
					<Add directory="/usr/include"/>
					<Add directory="/home/jwoon/Desktop/commonapi_vsomeip/piracer_vsomeip/piracer_vsomeip/./Adafruit_INA219"/>
					<Add directory="/home/jwoon/Desktop/commonapi_vsomeip/piracer_vsomeip/piracer_vsomeip/./Adafruit_PCA9685"/>
					<Add directory="/home/jwoon/Desktop/commonapi_vsomeip/piracer_vsomeip/piracer_vsomeip/./Gamepad"/>
					<Add directory="/home/jwoon/Desktop/commonapi_vsomeip/piracer_vsomeip/piracer_vsomeip/./PiRacer"/>
					<Add directory="/usr/local/include"/>
					<Add directory="/home/jwoon/Desktop/commonapi_vsomeip/piracer_vsomeip/piracer_vsomeip/./src-gen-inter"/>
					<Add directory="/home/jwoon/Desktop/commonapi_vsomeip/piracer_vsomeip/piracer_vsomeip/../../install_folder/include/CommonAPI-3.2"/>
					<Add directory="/home/jwoon/Desktop/commonapi_vsomeip/piracer_vsomeip/piracer_vsomeip/../../install_folder/include"/>
					<Add directory="/home/jwoon/Desktop/commonapi_vsomeip/piracer_vsomeip/piracer_vsomeip/../../install_folder/lib"/>
					<Add directory="/home/jwoon/Desktop/commonapi_vsomeip/piracer_vsomeip/piracer_vsomeip/./src-gen-inter/core"/>
					<Add directory="/home/jwoon/Desktop/commonapi_vsomeip/piracer_vsomeip/piracer_vsomeip/./src-gen-inter/someip"/>
					<Add directory="/home/jwoon/Desktop/commonapi_vsomeip/capicxx-someip-runtime/include"/>
					<Add directory="/home/jwoon/Desktop/commonapi_vsomeip/capicxx-core-runtime/include"/>
					<Add directory="/home/jwoon/Desktop/commonapi_vsomeip/vsomeip/interface"/>
					<Add directory="/home/jwoon/Desktop/commonapi_vsomeip/vsomeip/build"/>
					<Add directory="/usr/include/c++/9"/>
					<Add directory="/usr/include/x86_64-linux-gnu/c++/9"/>
					<Add directory="/usr/include/c++/9/backward"/>
					<Add directory="/usr/lib/gcc/x86_64-linux-gnu/9/include"/>
					<Add directory="/usr/include/x86_64-linux-gnu"/>
				</Compiler>
				<MakeCommands>
					<Build command="/usr/bin/make -j8 -f &quot;/home/jwoon/Desktop/commonapi_vsomeip/piracer_vsomeip/build-piracer_vsomeip-Desktop-Debug/Makefile&quot;  VERBOSE=1 gamepad_control-someip"/>
					<CompileFile command="/usr/bin/make -j8 -f &quot;/home/jwoon/Desktop/commonapi_vsomeip/piracer_vsomeip/build-piracer_vsomeip-Desktop-Debug/Makefile&quot;  VERBOSE=1 &quot;$file&quot;"/>
					<Clean command="/usr/bin/make -j8 -f &quot;/home/jwoon/Desktop/commonapi_vsomeip/piracer_vsomeip/build-piracer_vsomeip-Desktop-Debug/Makefile&quot;  VERBOSE=1 clean"/>
					<DistClean command="/usr/bin/make -j8 -f &quot;/home/jwoon/Desktop/commonapi_vsomeip/piracer_vsomeip/build-piracer_vsomeip-Desktop-Debug/Makefile&quot;  VERBOSE=1 clean"/>
				</MakeCommands>
			</Target>
			<Target title="gamepad_control-someip/fast">
				<Option output="/home/jwoon/Desktop/commonapi_vsomeip/piracer_vsomeip/build-piracer_vsomeip-Desktop-Debug/libgamepad_control-someip.so" prefix_auto="0" extension_auto="0"/>
				<Option working_dir="/home/jwoon/Desktop/commonapi_vsomeip/piracer_vsomeip/build-piracer_vsomeip-Desktop-Debug"/>
				<Option object_output="./"/>
				<Option type="3"/>
				<Option compiler="gcc"/>
				<Compiler>
					<Add directory="/usr/include"/>
					<Add directory="/home/jwoon/Desktop/commonapi_vsomeip/piracer_vsomeip/piracer_vsomeip/./Adafruit_INA219"/>
					<Add directory="/home/jwoon/Desktop/commonapi_vsomeip/piracer_vsomeip/piracer_vsomeip/./Adafruit_PCA9685"/>
					<Add directory="/home/jwoon/Desktop/commonapi_vsomeip/piracer_vsomeip/piracer_vsomeip/./Gamepad"/>
					<Add directory="/home/jwoon/Desktop/commonapi_vsomeip/piracer_vsomeip/piracer_vsomeip/./PiRacer"/>
					<Add directory="/usr/local/include"/>
					<Add directory="/home/jwoon/Desktop/commonapi_vsomeip/piracer_vsomeip/piracer_vsomeip/./src-gen-inter"/>
					<Add directory="/home/jwoon/Desktop/commonapi_vsomeip/piracer_vsomeip/piracer_vsomeip/../../install_folder/include/CommonAPI-3.2"/>
					<Add directory="/home/jwoon/Desktop/commonapi_vsomeip/piracer_vsomeip/piracer_vsomeip/../../install_folder/include"/>
					<Add directory="/home/jwoon/Desktop/commonapi_vsomeip/piracer_vsomeip/piracer_vsomeip/../../install_folder/lib"/>
					<Add directory="/home/jwoon/Desktop/commonapi_vsomeip/piracer_vsomeip/piracer_vsomeip/./src-gen-inter/core"/>
					<Add directory="/home/jwoon/Desktop/commonapi_vsomeip/piracer_vsomeip/piracer_vsomeip/./src-gen-inter/someip"/>
					<Add directory="/home/jwoon/Desktop/commonapi_vsomeip/capicxx-someip-runtime/include"/>
					<Add directory="/home/jwoon/Desktop/commonapi_vsomeip/capicxx-core-runtime/include"/>
					<Add directory="/home/jwoon/Desktop/commonapi_vsomeip/vsomeip/interface"/>
					<Add directory="/home/jwoon/Desktop/commonapi_vsomeip/vsomeip/build"/>
					<Add directory="/usr/include/c++/9"/>
					<Add directory="/usr/include/x86_64-linux-gnu/c++/9"/>
					<Add directory="/usr/include/c++/9/backward"/>
					<Add directory="/usr/lib/gcc/x86_64-linux-gnu/9/include"/>
					<Add directory="/usr/include/x86_64-linux-gnu"/>
				</Compiler>
				<MakeCommands>
					<Build command="/usr/bin/make -j8 -f &quot;/home/jwoon/Desktop/commonapi_vsomeip/piracer_vsomeip/build-piracer_vsomeip-Desktop-Debug/Makefile&quot;  VERBOSE=1 gamepad_control-someip/fast"/>
					<CompileFile command="/usr/bin/make -j8 -f &quot;/home/jwoon/Desktop/commonapi_vsomeip/piracer_vsomeip/build-piracer_vsomeip-Desktop-Debug/Makefile&quot;  VERBOSE=1 &quot;$file&quot;"/>
					<Clean command="/usr/bin/make -j8 -f &quot;/home/jwoon/Desktop/commonapi_vsomeip/piracer_vsomeip/build-piracer_vsomeip-Desktop-Debug/Makefile&quot;  VERBOSE=1 clean"/>
					<DistClean command="/usr/bin/make -j8 -f &quot;/home/jwoon/Desktop/commonapi_vsomeip/piracer_vsomeip/build-piracer_vsomeip-Desktop-Debug/Makefile&quot;  VERBOSE=1 clean"/>
				</MakeCommands>
			</Target>
		</Build>
		<Unit filename="/home/jwoon/Desktop/commonapi_vsomeip/install_folder/lib/libCommonAPI-SomeIP.so">
			<Option target="gamepad_control"/>
		</Unit>
		<Unit filename="/home/jwoon/Desktop/commonapi_vsomeip/install_folder/lib/libCommonAPI.so">
			<Option target="gamepad_control"/>
		</Unit>
		<Unit filename="/home/jwoon/Desktop/commonapi_vsomeip/install_folder/lib/libvsomeip3.so">
			<Option target="gamepad_control"/>
		</Unit>
		<Unit filename="/home/jwoon/Desktop/commonapi_vsomeip/piracer_vsomeip/piracer_vsomeip/Adafruit_INA219/Adafruit_INA219.cpp">
			<Option target="forward_backward_left_right"/>
			<Option target="read_battery"/>
			<Option target="gamepad_control"/>
		</Unit>
		<Unit filename="/home/jwoon/Desktop/commonapi_vsomeip/piracer_vsomeip/piracer_vsomeip/Adafruit_INA219/Adafruit_INA219.hpp">
			<Option target="forward_backward_left_right"/>
			<Option target="read_battery"/>
			<Option target="gamepad_control"/>
		</Unit>
		<Unit filename="/home/jwoon/Desktop/commonapi_vsomeip/piracer_vsomeip/piracer_vsomeip/Adafruit_PCA9685/Adafruit_PCA9685.cpp">
			<Option target="forward_backward_left_right"/>
			<Option target="read_battery"/>
			<Option target="gamepad_control"/>
		</Unit>
		<Unit filename="/home/jwoon/Desktop/commonapi_vsomeip/piracer_vsomeip/piracer_vsomeip/Adafruit_PCA9685/Adafruit_PCA9685.hpp">
			<Option target="forward_backward_left_right"/>
			<Option target="read_battery"/>
			<Option target="gamepad_control"/>
		</Unit>
		<Unit filename="/home/jwoon/Desktop/commonapi_vsomeip/piracer_vsomeip/piracer_vsomeip/Gamepad/Joystick.cpp">
			<Option target="gamepad_control"/>
		</Unit>
		<Unit filename="/home/jwoon/Desktop/commonapi_vsomeip/piracer_vsomeip/piracer_vsomeip/Gamepad/Joystick.hpp">
			<Option target="gamepad_control"/>
		</Unit>
		<Unit filename="/home/jwoon/Desktop/commonapi_vsomeip/piracer_vsomeip/piracer_vsomeip/Gamepad/ShanwanGamepad.cpp">
			<Option target="gamepad_control"/>
		</Unit>
		<Unit filename="/home/jwoon/Desktop/commonapi_vsomeip/piracer_vsomeip/piracer_vsomeip/Gamepad/ShanwanGamepad.hpp">
			<Option target="gamepad_control"/>
		</Unit>
		<Unit filename="/home/jwoon/Desktop/commonapi_vsomeip/piracer_vsomeip/piracer_vsomeip/PiRacer/PiRacer.cpp">
			<Option target="forward_backward_left_right"/>
			<Option target="read_battery"/>
			<Option target="gamepad_control"/>
		</Unit>
		<Unit filename="/home/jwoon/Desktop/commonapi_vsomeip/piracer_vsomeip/piracer_vsomeip/PiRacer/PiRacer.hpp">
			<Option target="forward_backward_left_right"/>
			<Option target="read_battery"/>
			<Option target="gamepad_control"/>
		</Unit>
		<Unit filename="/home/jwoon/Desktop/commonapi_vsomeip/piracer_vsomeip/piracer_vsomeip/examples/forward_backward_left_right.cpp">
			<Option target="forward_backward_left_right"/>
		</Unit>
		<Unit filename="/home/jwoon/Desktop/commonapi_vsomeip/piracer_vsomeip/piracer_vsomeip/examples/gamepad_control.cpp">
			<Option target="gamepad_control"/>
		</Unit>
		<Unit filename="/home/jwoon/Desktop/commonapi_vsomeip/piracer_vsomeip/piracer_vsomeip/examples/read_battery.cpp">
			<Option target="read_battery"/>
		</Unit>
		<Unit filename="/home/jwoon/Desktop/commonapi_vsomeip/piracer_vsomeip/piracer_vsomeip/src-gen-inter/someip/v0/commonapi/IC_interSomeIPDeployment.cpp">
			<Option target="gamepad_control-someip"/>
		</Unit>
		<Unit filename="/home/jwoon/Desktop/commonapi_vsomeip/piracer_vsomeip/piracer_vsomeip/src-gen-inter/someip/v0/commonapi/IC_interSomeIPDeployment.hpp">
			<Option target="gamepad_control-someip"/>
		</Unit>
		<Unit filename="/home/jwoon/Desktop/commonapi_vsomeip/piracer_vsomeip/piracer_vsomeip/src-gen-inter/someip/v0/commonapi/IC_interSomeIPProxy.cpp">
			<Option target="gamepad_control-someip"/>
		</Unit>
		<Unit filename="/home/jwoon/Desktop/commonapi_vsomeip/piracer_vsomeip/piracer_vsomeip/src-gen-inter/someip/v0/commonapi/IC_interSomeIPProxy.hpp">
			<Option target="gamepad_control-someip"/>
		</Unit>
		<Unit filename="/home/jwoon/Desktop/commonapi_vsomeip/piracer_vsomeip/piracer_vsomeip/src-gen-inter/someip/v0/commonapi/IC_interSomeIPStubAdapter.cpp">
			<Option target="gamepad_control-someip"/>
		</Unit>
		<Unit filename="/home/jwoon/Desktop/commonapi_vsomeip/piracer_vsomeip/piracer_vsomeip/src-gen-inter/someip/v0/commonapi/IC_interSomeIPStubAdapter.hpp">
			<Option target="gamepad_control-someip"/>
		</Unit>
		<Unit filename="/home/jwoon/Desktop/commonapi_vsomeip/piracer_vsomeip/piracer_vsomeip/vsomeip.cpp">
			<Option target="gamepad_control"/>
		</Unit>
		<Unit filename="/home/jwoon/Desktop/commonapi_vsomeip/piracer_vsomeip/piracer_vsomeip/vsomeip.h">
			<Option target="gamepad_control"/>
		</Unit>
		<Unit filename="/home/jwoon/Desktop/commonapi_vsomeip/piracer_vsomeip/piracer_vsomeip/CMakeLists.txt">
			<Option virtualFolder="CMake Files\"/>
		</Unit>
		<Unit filename="/home/jwoon/Desktop/commonapi_vsomeip/piracer_vsomeip/piracer_vsomeip/../../capicxx-someip-runtime/build/CommonAPI-SomeIPConfig.cmake">
			<Option virtualFolder="CMake Files\..\..\capicxx-someip-runtime\build\"/>
		</Unit>
		<Unit filename="/home/jwoon/Desktop/commonapi_vsomeip/piracer_vsomeip/piracer_vsomeip/../../capicxx-someip-runtime/build/CommonAPI-SomeIPConfigVersion.cmake">
			<Option virtualFolder="CMake Files\..\..\capicxx-someip-runtime\build\"/>
		</Unit>
		<Unit filename="/home/jwoon/Desktop/commonapi_vsomeip/piracer_vsomeip/piracer_vsomeip/../../capicxx-someip-runtime/build/CommonAPI-SomeIPTargets.cmake">
			<Option virtualFolder="CMake Files\..\..\capicxx-someip-runtime\build\"/>
		</Unit>
		<Unit filename="/home/jwoon/Desktop/commonapi_vsomeip/piracer_vsomeip/piracer_vsomeip/../../capicxx-core-runtime/build/CommonAPIConfig.cmake">
			<Option virtualFolder="CMake Files\..\..\capicxx-core-runtime\build\"/>
		</Unit>
		<Unit filename="/home/jwoon/Desktop/commonapi_vsomeip/piracer_vsomeip/piracer_vsomeip/../../capicxx-core-runtime/build/CommonAPIConfigVersion.cmake">
			<Option virtualFolder="CMake Files\..\..\capicxx-core-runtime\build\"/>
		</Unit>
		<Unit filename="/home/jwoon/Desktop/commonapi_vsomeip/piracer_vsomeip/piracer_vsomeip/../../capicxx-core-runtime/build/CommonAPITargets.cmake">
			<Option virtualFolder="CMake Files\..\..\capicxx-core-runtime\build\"/>
		</Unit>
		<Unit filename="/home/jwoon/Desktop/commonapi_vsomeip/piracer_vsomeip/piracer_vsomeip/../../vsomeip/build/vsomeip3Config.cmake">
			<Option virtualFolder="CMake Files\..\..\vsomeip\build\"/>
		</Unit>
		<Unit filename="/home/jwoon/Desktop/commonapi_vsomeip/piracer_vsomeip/piracer_vsomeip/../../vsomeip/build/vsomeip3ConfigVersion.cmake">
			<Option virtualFolder="CMake Files\..\..\vsomeip\build\"/>
		</Unit>
		<Unit filename="/home/jwoon/Desktop/commonapi_vsomeip/piracer_vsomeip/piracer_vsomeip/../../vsomeip/build/vsomeip3Targets.cmake">
			<Option virtualFolder="CMake Files\..\..\vsomeip\build\"/>
		</Unit>
		<Unit filename="/home/jwoon/Desktop/commonapi_vsomeip/piracer_vsomeip/piracer_vsomeip/../../../../../../usr/lib/x86_64-linux-gnu/cmake/BoostDetectToolset-1.71.0.cmake">
			<Option virtualFolder="CMake Files\..\..\..\..\..\..\usr\lib\x86_64-linux-gnu\cmake\"/>
		</Unit>
		<Unit filename="/home/jwoon/Desktop/commonapi_vsomeip/piracer_vsomeip/piracer_vsomeip/../../../../../../usr/lib/x86_64-linux-gnu/cmake/Boost-1.71.0/BoostConfig.cmake">
			<Option virtualFolder="CMake Files\..\..\..\..\..\..\usr\lib\x86_64-linux-gnu\cmake\Boost-1.71.0\"/>
		</Unit>
		<Unit filename="/home/jwoon/Desktop/commonapi_vsomeip/piracer_vsomeip/piracer_vsomeip/../../../../../../usr/lib/x86_64-linux-gnu/cmake/Boost-1.71.0/BoostConfigVersion.cmake">
			<Option virtualFolder="CMake Files\..\..\..\..\..\..\usr\lib\x86_64-linux-gnu\cmake\Boost-1.71.0\"/>
		</Unit>
		<Unit filename="/home/jwoon/Desktop/commonapi_vsomeip/piracer_vsomeip/piracer_vsomeip/../../../../../../usr/lib/x86_64-linux-gnu/cmake/boost_headers-1.71.0/boost_headers-config-version.cmake">
			<Option virtualFolder="CMake Files\..\..\..\..\..\..\usr\lib\x86_64-linux-gnu\cmake\boost_headers-1.71.0\"/>
		</Unit>
		<Unit filename="/home/jwoon/Desktop/commonapi_vsomeip/piracer_vsomeip/piracer_vsomeip/../../../../../../usr/lib/x86_64-linux-gnu/cmake/boost_headers-1.71.0/boost_headers-config.cmake">
			<Option virtualFolder="CMake Files\..\..\..\..\..\..\usr\lib\x86_64-linux-gnu\cmake\boost_headers-1.71.0\"/>
		</Unit>
		<Unit filename="/home/jwoon/Desktop/commonapi_vsomeip/piracer_vsomeip/piracer_vsomeip/../../../../../../usr/lib/x86_64-linux-gnu/cmake/boost_system-1.71.0/boost_system-config-version.cmake">
			<Option virtualFolder="CMake Files\..\..\..\..\..\..\usr\lib\x86_64-linux-gnu\cmake\boost_system-1.71.0\"/>
		</Unit>
		<Unit filename="/home/jwoon/Desktop/commonapi_vsomeip/piracer_vsomeip/piracer_vsomeip/../../../../../../usr/lib/x86_64-linux-gnu/cmake/boost_system-1.71.0/boost_system-config.cmake">
			<Option virtualFolder="CMake Files\..\..\..\..\..\..\usr\lib\x86_64-linux-gnu\cmake\boost_system-1.71.0\"/>
		</Unit>
		<Unit filename="/home/jwoon/Desktop/commonapi_vsomeip/piracer_vsomeip/piracer_vsomeip/../../../../../../usr/lib/x86_64-linux-gnu/cmake/boost_system-1.71.0/libboost_system-variant-shared.cmake">
			<Option virtualFolder="CMake Files\..\..\..\..\..\..\usr\lib\x86_64-linux-gnu\cmake\boost_system-1.71.0\"/>
		</Unit>
		<Unit filename="/home/jwoon/Desktop/commonapi_vsomeip/piracer_vsomeip/piracer_vsomeip/../../../../../../usr/lib/x86_64-linux-gnu/cmake/boost_system-1.71.0/libboost_system-variant-static.cmake">
			<Option virtualFolder="CMake Files\..\..\..\..\..\..\usr\lib\x86_64-linux-gnu\cmake\boost_system-1.71.0\"/>
		</Unit>
		<Unit filename="/home/jwoon/Desktop/commonapi_vsomeip/piracer_vsomeip/piracer_vsomeip/../../../../../../usr/lib/x86_64-linux-gnu/cmake/boost_thread-1.71.0/boost_thread-config-version.cmake">
			<Option virtualFolder="CMake Files\..\..\..\..\..\..\usr\lib\x86_64-linux-gnu\cmake\boost_thread-1.71.0\"/>
		</Unit>
		<Unit filename="/home/jwoon/Desktop/commonapi_vsomeip/piracer_vsomeip/piracer_vsomeip/../../../../../../usr/lib/x86_64-linux-gnu/cmake/boost_thread-1.71.0/boost_thread-config.cmake">
			<Option virtualFolder="CMake Files\..\..\..\..\..\..\usr\lib\x86_64-linux-gnu\cmake\boost_thread-1.71.0\"/>
		</Unit>
		<Unit filename="/home/jwoon/Desktop/commonapi_vsomeip/piracer_vsomeip/piracer_vsomeip/../../../../../../usr/lib/x86_64-linux-gnu/cmake/boost_thread-1.71.0/libboost_thread-variant-shared.cmake">
			<Option virtualFolder="CMake Files\..\..\..\..\..\..\usr\lib\x86_64-linux-gnu\cmake\boost_thread-1.71.0\"/>
		</Unit>
		<Unit filename="/home/jwoon/Desktop/commonapi_vsomeip/piracer_vsomeip/piracer_vsomeip/../../../../../../usr/lib/x86_64-linux-gnu/cmake/boost_thread-1.71.0/libboost_thread-variant-static.cmake">
			<Option virtualFolder="CMake Files\..\..\..\..\..\..\usr\lib\x86_64-linux-gnu\cmake\boost_thread-1.71.0\"/>
		</Unit>
		<Unit filename="/home/jwoon/Desktop/commonapi_vsomeip/piracer_vsomeip/piracer_vsomeip/../../../../../../usr/lib/x86_64-linux-gnu/cmake/boost_atomic-1.71.0/boost_atomic-config-version.cmake">
			<Option virtualFolder="CMake Files\..\..\..\..\..\..\usr\lib\x86_64-linux-gnu\cmake\boost_atomic-1.71.0\"/>
		</Unit>
		<Unit filename="/home/jwoon/Desktop/commonapi_vsomeip/piracer_vsomeip/piracer_vsomeip/../../../../../../usr/lib/x86_64-linux-gnu/cmake/boost_atomic-1.71.0/boost_atomic-config.cmake">
			<Option virtualFolder="CMake Files\..\..\..\..\..\..\usr\lib\x86_64-linux-gnu\cmake\boost_atomic-1.71.0\"/>
		</Unit>
		<Unit filename="/home/jwoon/Desktop/commonapi_vsomeip/piracer_vsomeip/piracer_vsomeip/../../../../../../usr/lib/x86_64-linux-gnu/cmake/boost_atomic-1.71.0/libboost_atomic-variant-shared.cmake">
			<Option virtualFolder="CMake Files\..\..\..\..\..\..\usr\lib\x86_64-linux-gnu\cmake\boost_atomic-1.71.0\"/>
		</Unit>
		<Unit filename="/home/jwoon/Desktop/commonapi_vsomeip/piracer_vsomeip/piracer_vsomeip/../../../../../../usr/lib/x86_64-linux-gnu/cmake/boost_atomic-1.71.0/libboost_atomic-variant-static.cmake">
			<Option virtualFolder="CMake Files\..\..\..\..\..\..\usr\lib\x86_64-linux-gnu\cmake\boost_atomic-1.71.0\"/>
		</Unit>
		<Unit filename="/home/jwoon/Desktop/commonapi_vsomeip/piracer_vsomeip/piracer_vsomeip/../../../../../../usr/lib/x86_64-linux-gnu/cmake/boost_log-1.71.0/boost_log-config-version.cmake">
			<Option virtualFolder="CMake Files\..\..\..\..\..\..\usr\lib\x86_64-linux-gnu\cmake\boost_log-1.71.0\"/>
		</Unit>
		<Unit filename="/home/jwoon/Desktop/commonapi_vsomeip/piracer_vsomeip/piracer_vsomeip/../../../../../../usr/lib/x86_64-linux-gnu/cmake/boost_log-1.71.0/boost_log-config.cmake">
			<Option virtualFolder="CMake Files\..\..\..\..\..\..\usr\lib\x86_64-linux-gnu\cmake\boost_log-1.71.0\"/>
		</Unit>
		<Unit filename="/home/jwoon/Desktop/commonapi_vsomeip/piracer_vsomeip/piracer_vsomeip/../../../../../../usr/lib/x86_64-linux-gnu/cmake/boost_log-1.71.0/libboost_log-variant-shared.cmake">
			<Option virtualFolder="CMake Files\..\..\..\..\..\..\usr\lib\x86_64-linux-gnu\cmake\boost_log-1.71.0\"/>
		</Unit>
		<Unit filename="/home/jwoon/Desktop/commonapi_vsomeip/piracer_vsomeip/piracer_vsomeip/../../../../../../usr/lib/x86_64-linux-gnu/cmake/boost_log-1.71.0/libboost_log-variant-static.cmake">
			<Option virtualFolder="CMake Files\..\..\..\..\..\..\usr\lib\x86_64-linux-gnu\cmake\boost_log-1.71.0\"/>
		</Unit>
		<Unit filename="/home/jwoon/Desktop/commonapi_vsomeip/piracer_vsomeip/piracer_vsomeip/../../../../../../usr/lib/x86_64-linux-gnu/cmake/boost_chrono-1.71.0/boost_chrono-config-version.cmake">
			<Option virtualFolder="CMake Files\..\..\..\..\..\..\usr\lib\x86_64-linux-gnu\cmake\boost_chrono-1.71.0\"/>
		</Unit>
		<Unit filename="/home/jwoon/Desktop/commonapi_vsomeip/piracer_vsomeip/piracer_vsomeip/../../../../../../usr/lib/x86_64-linux-gnu/cmake/boost_chrono-1.71.0/boost_chrono-config.cmake">
			<Option virtualFolder="CMake Files\..\..\..\..\..\..\usr\lib\x86_64-linux-gnu\cmake\boost_chrono-1.71.0\"/>
		</Unit>
		<Unit filename="/home/jwoon/Desktop/commonapi_vsomeip/piracer_vsomeip/piracer_vsomeip/../../../../../../usr/lib/x86_64-linux-gnu/cmake/boost_chrono-1.71.0/libboost_chrono-variant-shared.cmake">
			<Option virtualFolder="CMake Files\..\..\..\..\..\..\usr\lib\x86_64-linux-gnu\cmake\boost_chrono-1.71.0\"/>
		</Unit>
		<Unit filename="/home/jwoon/Desktop/commonapi_vsomeip/piracer_vsomeip/piracer_vsomeip/../../../../../../usr/lib/x86_64-linux-gnu/cmake/boost_chrono-1.71.0/libboost_chrono-variant-static.cmake">
			<Option virtualFolder="CMake Files\..\..\..\..\..\..\usr\lib\x86_64-linux-gnu\cmake\boost_chrono-1.71.0\"/>
		</Unit>
		<Unit filename="/home/jwoon/Desktop/commonapi_vsomeip/piracer_vsomeip/piracer_vsomeip/../../../../../../usr/lib/x86_64-linux-gnu/cmake/boost_date_time-1.71.0/boost_date_time-config-version.cmake">
			<Option virtualFolder="CMake Files\..\..\..\..\..\..\usr\lib\x86_64-linux-gnu\cmake\boost_date_time-1.71.0\"/>
		</Unit>
		<Unit filename="/home/jwoon/Desktop/commonapi_vsomeip/piracer_vsomeip/piracer_vsomeip/../../../../../../usr/lib/x86_64-linux-gnu/cmake/boost_date_time-1.71.0/boost_date_time-config.cmake">
			<Option virtualFolder="CMake Files\..\..\..\..\..\..\usr\lib\x86_64-linux-gnu\cmake\boost_date_time-1.71.0\"/>
		</Unit>
		<Unit filename="/home/jwoon/Desktop/commonapi_vsomeip/piracer_vsomeip/piracer_vsomeip/../../../../../../usr/lib/x86_64-linux-gnu/cmake/boost_date_time-1.71.0/libboost_date_time-variant-shared.cmake">
			<Option virtualFolder="CMake Files\..\..\..\..\..\..\usr\lib\x86_64-linux-gnu\cmake\boost_date_time-1.71.0\"/>
		</Unit>
		<Unit filename="/home/jwoon/Desktop/commonapi_vsomeip/piracer_vsomeip/piracer_vsomeip/../../../../../../usr/lib/x86_64-linux-gnu/cmake/boost_date_time-1.71.0/libboost_date_time-variant-static.cmake">
			<Option virtualFolder="CMake Files\..\..\..\..\..\..\usr\lib\x86_64-linux-gnu\cmake\boost_date_time-1.71.0\"/>
		</Unit>
		<Unit filename="/home/jwoon/Desktop/commonapi_vsomeip/piracer_vsomeip/piracer_vsomeip/../../../../../../usr/lib/x86_64-linux-gnu/cmake/boost_filesystem-1.71.0/boost_filesystem-config-version.cmake">
			<Option virtualFolder="CMake Files\..\..\..\..\..\..\usr\lib\x86_64-linux-gnu\cmake\boost_filesystem-1.71.0\"/>
		</Unit>
		<Unit filename="/home/jwoon/Desktop/commonapi_vsomeip/piracer_vsomeip/piracer_vsomeip/../../../../../../usr/lib/x86_64-linux-gnu/cmake/boost_filesystem-1.71.0/boost_filesystem-config.cmake">
			<Option virtualFolder="CMake Files\..\..\..\..\..\..\usr\lib\x86_64-linux-gnu\cmake\boost_filesystem-1.71.0\"/>
		</Unit>
		<Unit filename="/home/jwoon/Desktop/commonapi_vsomeip/piracer_vsomeip/piracer_vsomeip/../../../../../../usr/lib/x86_64-linux-gnu/cmake/boost_filesystem-1.71.0/libboost_filesystem-variant-shared.cmake">
			<Option virtualFolder="CMake Files\..\..\..\..\..\..\usr\lib\x86_64-linux-gnu\cmake\boost_filesystem-1.71.0\"/>
		</Unit>
		<Unit filename="/home/jwoon/Desktop/commonapi_vsomeip/piracer_vsomeip/piracer_vsomeip/../../../../../../usr/lib/x86_64-linux-gnu/cmake/boost_filesystem-1.71.0/libboost_filesystem-variant-static.cmake">
			<Option virtualFolder="CMake Files\..\..\..\..\..\..\usr\lib\x86_64-linux-gnu\cmake\boost_filesystem-1.71.0\"/>
		</Unit>
		<Unit filename="/home/jwoon/Desktop/commonapi_vsomeip/piracer_vsomeip/piracer_vsomeip/../../../../../../usr/lib/x86_64-linux-gnu/cmake/boost_regex-1.71.0/boost_regex-config-version.cmake">
			<Option virtualFolder="CMake Files\..\..\..\..\..\..\usr\lib\x86_64-linux-gnu\cmake\boost_regex-1.71.0\"/>
		</Unit>
		<Unit filename="/home/jwoon/Desktop/commonapi_vsomeip/piracer_vsomeip/piracer_vsomeip/../../../../../../usr/lib/x86_64-linux-gnu/cmake/boost_regex-1.71.0/boost_regex-config.cmake">
			<Option virtualFolder="CMake Files\..\..\..\..\..\..\usr\lib\x86_64-linux-gnu\cmake\boost_regex-1.71.0\"/>
		</Unit>
		<Unit filename="/home/jwoon/Desktop/commonapi_vsomeip/piracer_vsomeip/piracer_vsomeip/../../../../../../usr/lib/x86_64-linux-gnu/cmake/boost_regex-1.71.0/libboost_regex-variant-shared.cmake">
			<Option virtualFolder="CMake Files\..\..\..\..\..\..\usr\lib\x86_64-linux-gnu\cmake\boost_regex-1.71.0\"/>
		</Unit>
		<Unit filename="/home/jwoon/Desktop/commonapi_vsomeip/piracer_vsomeip/piracer_vsomeip/../../../../../../usr/lib/x86_64-linux-gnu/cmake/boost_regex-1.71.0/libboost_regex-variant-static.cmake">
			<Option virtualFolder="CMake Files\..\..\..\..\..\..\usr\lib\x86_64-linux-gnu\cmake\boost_regex-1.71.0\"/>
		</Unit>
		<Unit filename="/home/jwoon/Desktop/commonapi_vsomeip/piracer_vsomeip/piracer_vsomeip/cmake/modules/Findpigpio.cmake">
			<Option virtualFolder="CMake Files\cmake\modules\"/>
		</Unit>
	</Project>
</CodeBlocks_project_file>
